// !$*UTF8*$!
{
	archiveVersion = 1;
	classes = {
	};
	objectVersion = 56;
	objects = {

/* Begin PBXBuildFile section */
		05FD395A2AAFF439004A4FC4 /* PopupContainerModifier.swift in Sources */ = {isa = PBXBuildFile; fileRef = 05FD39592AAFF439004A4FC4 /* PopupContainerModifier.swift */; };
		05FD395D2AB01FD6004A4FC4 /* PopupModifier.swift in Sources */ = {isa = PBXBuildFile; fileRef = 05FD395C2AB01FD5004A4FC4 /* PopupModifier.swift */; };
		05FD395F2AB0430A004A4FC4 /* PrimaryButton.swift in Sources */ = {isa = PBXBuildFile; fileRef = 05FD395E2AB0430A004A4FC4 /* PrimaryButton.swift */; };
		8D0D101C2ACEF55400AF2865 /* ButtonStyle.swift in Sources */ = {isa = PBXBuildFile; fileRef = 8D0D101B2ACEF55400AF2865 /* ButtonStyle.swift */; };
		8D1AFAF62AAE049B000C763D /* CustomPopupView.swift in Sources */ = {isa = PBXBuildFile; fileRef = 8D1AFAF52AAE049B000C763D /* CustomPopupView.swift */; };
		8D1BBBF02AACC32D00F2A334 /* DesignSystemApp.swift in Sources */ = {isa = PBXBuildFile; fileRef = 8D1BBBEF2AACC32D00F2A334 /* DesignSystemApp.swift */; };
		8D1BBBF22AACC32D00F2A334 /* RootView.swift in Sources */ = {isa = PBXBuildFile; fileRef = 8D1BBBF12AACC32D00F2A334 /* RootView.swift */; };
		8D1BBBF42AACC32E00F2A334 /* Assets.xcassets in Resources */ = {isa = PBXBuildFile; fileRef = 8D1BBBF32AACC32E00F2A334 /* Assets.xcassets */; };
		8D1BBBF72AACC32E00F2A334 /* Preview Assets.xcassets in Resources */ = {isa = PBXBuildFile; fileRef = 8D1BBBF62AACC32E00F2A334 /* Preview Assets.xcassets */; };
		8D1BBC012AACC32F00F2A334 /* DesignSystemTests.swift in Sources */ = {isa = PBXBuildFile; fileRef = 8D1BBC002AACC32F00F2A334 /* DesignSystemTests.swift */; };
		8D1BBC0B2AACC32F00F2A334 /* DesignSystemUITests.swift in Sources */ = {isa = PBXBuildFile; fileRef = 8D1BBC0A2AACC32F00F2A334 /* DesignSystemUITests.swift */; };
		8D1BBC0D2AACC32F00F2A334 /* DesignSystemUITestsLaunchTests.swift in Sources */ = {isa = PBXBuildFile; fileRef = 8D1BBC0C2AACC32F00F2A334 /* DesignSystemUITestsLaunchTests.swift */; };
		8D2609302AAF4DF900C383E5 /* CustomButtonModifier.swift in Sources */ = {isa = PBXBuildFile; fileRef = 8D26092F2AAF4DF900C383E5 /* CustomButtonModifier.swift */; };
/* End PBXBuildFile section */

/* Begin PBXContainerItemProxy section */
		8D1BBBFD2AACC32F00F2A334 /* PBXContainerItemProxy */ = {
			isa = PBXContainerItemProxy;
			containerPortal = 8D1BBBE42AACC32D00F2A334 /* Project object */;
			proxyType = 1;
			remoteGlobalIDString = 8D1BBBEB2AACC32D00F2A334;
			remoteInfo = DesignSystem;
		};
		8D1BBC072AACC32F00F2A334 /* PBXContainerItemProxy */ = {
			isa = PBXContainerItemProxy;
			containerPortal = 8D1BBBE42AACC32D00F2A334 /* Project object */;
			proxyType = 1;
			remoteGlobalIDString = 8D1BBBEB2AACC32D00F2A334;
			remoteInfo = DesignSystem;
		};
/* End PBXContainerItemProxy section */

/* Begin PBXFileReference section */
		05FD39592AAFF439004A4FC4 /* PopupContainerModifier.swift */ = {isa = PBXFileReference; lastKnownFileType = sourcecode.swift; path = PopupContainerModifier.swift; sourceTree = "<group>"; };
		05FD395C2AB01FD5004A4FC4 /* PopupModifier.swift */ = {isa = PBXFileReference; lastKnownFileType = sourcecode.swift; path = PopupModifier.swift; sourceTree = "<group>"; };
		05FD395E2AB0430A004A4FC4 /* PrimaryButton.swift */ = {isa = PBXFileReference; lastKnownFileType = sourcecode.swift; path = PrimaryButton.swift; sourceTree = "<group>"; };
		8D0D101B2ACEF55400AF2865 /* ButtonStyle.swift */ = {isa = PBXFileReference; lastKnownFileType = sourcecode.swift; path = ButtonStyle.swift; sourceTree = "<group>"; };
		8D1AFAF52AAE049B000C763D /* CustomPopupView.swift */ = {isa = PBXFileReference; lastKnownFileType = sourcecode.swift; path = CustomPopupView.swift; sourceTree = "<group>"; };
		8D1BBBEC2AACC32D00F2A334 /* DesignSystem.app */ = {isa = PBXFileReference; explicitFileType = wrapper.application; includeInIndex = 0; path = DesignSystem.app; sourceTree = BUILT_PRODUCTS_DIR; };
		8D1BBBEF2AACC32D00F2A334 /* DesignSystemApp.swift */ = {isa = PBXFileReference; lastKnownFileType = sourcecode.swift; path = DesignSystemApp.swift; sourceTree = "<group>"; };
		8D1BBBF12AACC32D00F2A334 /* RootView.swift */ = {isa = PBXFileReference; lastKnownFileType = sourcecode.swift; path = RootView.swift; sourceTree = "<group>"; };
		8D1BBBF32AACC32E00F2A334 /* Assets.xcassets */ = {isa = PBXFileReference; lastKnownFileType = folder.assetcatalog; path = Assets.xcassets; sourceTree = "<group>"; };
		8D1BBBF62AACC32E00F2A334 /* Preview Assets.xcassets */ = {isa = PBXFileReference; lastKnownFileType = folder.assetcatalog; path = "Preview Assets.xcassets"; sourceTree = "<group>"; };
		8D1BBBFC2AACC32F00F2A334 /* DesignSystemTests.xctest */ = {isa = PBXFileReference; explicitFileType = wrapper.cfbundle; includeInIndex = 0; path = DesignSystemTests.xctest; sourceTree = BUILT_PRODUCTS_DIR; };
		8D1BBC002AACC32F00F2A334 /* DesignSystemTests.swift */ = {isa = PBXFileReference; lastKnownFileType = sourcecode.swift; path = DesignSystemTests.swift; sourceTree = "<group>"; };
		8D1BBC062AACC32F00F2A334 /* DesignSystemUITests.xctest */ = {isa = PBXFileReference; explicitFileType = wrapper.cfbundle; includeInIndex = 0; path = DesignSystemUITests.xctest; sourceTree = BUILT_PRODUCTS_DIR; };
		8D1BBC0A2AACC32F00F2A334 /* DesignSystemUITests.swift */ = {isa = PBXFileReference; lastKnownFileType = sourcecode.swift; path = DesignSystemUITests.swift; sourceTree = "<group>"; };
		8D1BBC0C2AACC32F00F2A334 /* DesignSystemUITestsLaunchTests.swift */ = {isa = PBXFileReference; lastKnownFileType = sourcecode.swift; path = DesignSystemUITestsLaunchTests.swift; sourceTree = "<group>"; };
		8D26092F2AAF4DF900C383E5 /* CustomButtonModifier.swift */ = {isa = PBXFileReference; lastKnownFileType = sourcecode.swift; path = CustomButtonModifier.swift; sourceTree = "<group>"; };
/* End PBXFileReference section */

/* Begin PBXFrameworksBuildPhase section */
		8D1BBBE92AACC32D00F2A334 /* Frameworks */ = {
			isa = PBXFrameworksBuildPhase;
			buildActionMask = 2147483647;
			files = (
			);
			runOnlyForDeploymentPostprocessing = 0;
		};
		8D1BBBF92AACC32F00F2A334 /* Frameworks */ = {
			isa = PBXFrameworksBuildPhase;
			buildActionMask = 2147483647;
			files = (
			);
			runOnlyForDeploymentPostprocessing = 0;
		};
		8D1BBC032AACC32F00F2A334 /* Frameworks */ = {
			isa = PBXFrameworksBuildPhase;
			buildActionMask = 2147483647;
			files = (
			);
			runOnlyForDeploymentPostprocessing = 0;
		};
/* End PBXFrameworksBuildPhase section */

/* Begin PBXGroup section */
		05FD39582AAFF206004A4FC4 /* ViewModifier */ = {
			isa = PBXGroup;
			children = (
				05FD395C2AB01FD5004A4FC4 /* PopupModifier.swift */,
				05FD39592AAFF439004A4FC4 /* PopupContainerModifier.swift */,
				8D0D101B2ACEF55400AF2865 /* ButtonStyle.swift */,
				8D26092F2AAF4DF900C383E5 /* CustomButtonModifier.swift */,
			);
			path = ViewModifier;
			sourceTree = "<group>";
		};
		8D1AFAF42AAE0470000C763D /* View */ = {
			isa = PBXGroup;
			children = (
				8D1BBBF12AACC32D00F2A334 /* RootView.swift */,
				8D1AFAF52AAE049B000C763D /* CustomPopupView.swift */,
				05FD395E2AB0430A004A4FC4 /* PrimaryButton.swift */,
			);
			path = View;
			sourceTree = "<group>";
		};
		8D1BBBE32AACC32D00F2A334 = {
			isa = PBXGroup;
			children = (
				8D1BBBEE2AACC32D00F2A334 /* DesignSystem */,
				8D1BBBFF2AACC32F00F2A334 /* DesignSystemTests */,
				8D1BBC092AACC32F00F2A334 /* DesignSystemUITests */,
				8D1BBBED2AACC32D00F2A334 /* Products */,
			);
			sourceTree = "<group>";
		};
		8D1BBBED2AACC32D00F2A334 /* Products */ = {
			isa = PBXGroup;
			children = (
				8D1BBBEC2AACC32D00F2A334 /* DesignSystem.app */,
				8D1BBBFC2AACC32F00F2A334 /* DesignSystemTests.xctest */,
				8D1BBC062AACC32F00F2A334 /* DesignSystemUITests.xctest */,
			);
			name = Products;
			sourceTree = "<group>";
		};
		8D1BBBEE2AACC32D00F2A334 /* DesignSystem */ = {
			isa = PBXGroup;
			children = (
				8D1BBBEF2AACC32D00F2A334 /* DesignSystemApp.swift */,
				05FD39582AAFF206004A4FC4 /* ViewModifier */,
				8D1AFAF42AAE0470000C763D /* View */,
				8D1BBBF32AACC32E00F2A334 /* Assets.xcassets */,
				8D1BBBF52AACC32E00F2A334 /* Preview Content */,
			);
			path = DesignSystem;
			sourceTree = "<group>";
		};
		8D1BBBF52AACC32E00F2A334 /* Preview Content */ = {
			isa = PBXGroup;
			children = (
				8D1BBBF62AACC32E00F2A334 /* Preview Assets.xcassets */,
			);
			path = "Preview Content";
			sourceTree = "<group>";
		};
		8D1BBBFF2AACC32F00F2A334 /* DesignSystemTests */ = {
			isa = PBXGroup;
			children = (
				8D1BBC002AACC32F00F2A334 /* DesignSystemTests.swift */,
			);
			path = DesignSystemTests;
			sourceTree = "<group>";
		};
		8D1BBC092AACC32F00F2A334 /* DesignSystemUITests */ = {
			isa = PBXGroup;
			children = (
				8D1BBC0A2AACC32F00F2A334 /* DesignSystemUITests.swift */,
				8D1BBC0C2AACC32F00F2A334 /* DesignSystemUITestsLaunchTests.swift */,
			);
			path = DesignSystemUITests;
			sourceTree = "<group>";
		};
/* End PBXGroup section */

/* Begin PBXNativeTarget section */
		8D1BBBEB2AACC32D00F2A334 /* DesignSystem */ = {
			isa = PBXNativeTarget;
			buildConfigurationList = 8D1BBC102AACC32F00F2A334 /* Build configuration list for PBXNativeTarget "DesignSystem" */;
			buildPhases = (
				8D1BBBE82AACC32D00F2A334 /* Sources */,
				8D1BBBE92AACC32D00F2A334 /* Frameworks */,
				8D1BBBEA2AACC32D00F2A334 /* Resources */,
			);
			buildRules = (
			);
			dependencies = (
			);
			name = DesignSystem;
			productName = DesignSystem;
			productReference = 8D1BBBEC2AACC32D00F2A334 /* DesignSystem.app */;
			productType = "com.apple.product-type.application";
		};
		8D1BBBFB2AACC32F00F2A334 /* DesignSystemTests */ = {
			isa = PBXNativeTarget;
			buildConfigurationList = 8D1BBC132AACC32F00F2A334 /* Build configuration list for PBXNativeTarget "DesignSystemTests" */;
			buildPhases = (
				8D1BBBF82AACC32F00F2A334 /* Sources */,
				8D1BBBF92AACC32F00F2A334 /* Frameworks */,
				8D1BBBFA2AACC32F00F2A334 /* Resources */,
			);
			buildRules = (
			);
			dependencies = (
				8D1BBBFE2AACC32F00F2A334 /* PBXTargetDependency */,
			);
			name = DesignSystemTests;
			productName = DesignSystemTests;
			productReference = 8D1BBBFC2AACC32F00F2A334 /* DesignSystemTests.xctest */;
			productType = "com.apple.product-type.bundle.unit-test";
		};
		8D1BBC052AACC32F00F2A334 /* DesignSystemUITests */ = {
			isa = PBXNativeTarget;
			buildConfigurationList = 8D1BBC162AACC32F00F2A334 /* Build configuration list for PBXNativeTarget "DesignSystemUITests" */;
			buildPhases = (
				8D1BBC022AACC32F00F2A334 /* Sources */,
				8D1BBC032AACC32F00F2A334 /* Frameworks */,
				8D1BBC042AACC32F00F2A334 /* Resources */,
			);
			buildRules = (
			);
			dependencies = (
				8D1BBC082AACC32F00F2A334 /* PBXTargetDependency */,
			);
			name = DesignSystemUITests;
			productName = DesignSystemUITests;
			productReference = 8D1BBC062AACC32F00F2A334 /* DesignSystemUITests.xctest */;
			productType = "com.apple.product-type.bundle.ui-testing";
		};
/* End PBXNativeTarget section */

/* Begin PBXProject section */
		8D1BBBE42AACC32D00F2A334 /* Project object */ = {
			isa = PBXProject;
			attributes = {
				BuildIndependentTargetsInParallel = 1;
				LastSwiftUpdateCheck = 1430;
				LastUpgradeCheck = 1430;
				TargetAttributes = {
					8D1BBBEB2AACC32D00F2A334 = {
						CreatedOnToolsVersion = 14.3.1;
					};
					8D1BBBFB2AACC32F00F2A334 = {
						CreatedOnToolsVersion = 14.3.1;
						TestTargetID = 8D1BBBEB2AACC32D00F2A334;
					};
					8D1BBC052AACC32F00F2A334 = {
						CreatedOnToolsVersion = 14.3.1;
						TestTargetID = 8D1BBBEB2AACC32D00F2A334;
					};
				};
			};
			buildConfigurationList = 8D1BBBE72AACC32D00F2A334 /* Build configuration list for PBXProject "DesignSystem" */;
			compatibilityVersion = "Xcode 14.0";
			developmentRegion = en;
			hasScannedForEncodings = 0;
			knownRegions = (
				en,
				Base,
			);
			mainGroup = 8D1BBBE32AACC32D00F2A334;
			productRefGroup = 8D1BBBED2AACC32D00F2A334 /* Products */;
			projectDirPath = "";
			projectRoot = "";
			targets = (
				8D1BBBEB2AACC32D00F2A334 /* DesignSystem */,
				8D1BBBFB2AACC32F00F2A334 /* DesignSystemTests */,
				8D1BBC052AACC32F00F2A334 /* DesignSystemUITests */,
			);
		};
/* End PBXProject section */

/* Begin PBXResourcesBuildPhase section */
		8D1BBBEA2AACC32D00F2A334 /* Resources */ = {
			isa = PBXResourcesBuildPhase;
			buildActionMask = 2147483647;
			files = (
				8D1BBBF72AACC32E00F2A334 /* Preview Assets.xcassets in Resources */,
				8D1BBBF42AACC32E00F2A334 /* Assets.xcassets in Resources */,
			);
			runOnlyForDeploymentPostprocessing = 0;
		};
		8D1BBBFA2AACC32F00F2A334 /* Resources */ = {
			isa = PBXResourcesBuildPhase;
			buildActionMask = 2147483647;
			files = (
			);
			runOnlyForDeploymentPostprocessing = 0;
		};
		8D1BBC042AACC32F00F2A334 /* Resources */ = {
			isa = PBXResourcesBuildPhase;
			buildActionMask = 2147483647;
			files = (
			);
			runOnlyForDeploymentPostprocessing = 0;
		};
/* End PBXResourcesBuildPhase section */

/* Begin PBXSourcesBuildPhase section */
		8D1BBBE82AACC32D00F2A334 /* Sources */ = {
			isa = PBXSourcesBuildPhase;
			buildActionMask = 2147483647;
			files = (
				8D1BBBF22AACC32D00F2A334 /* RootView.swift in Sources */,
				8D0D101C2ACEF55400AF2865 /* ButtonStyle.swift in Sources */,
				8D1BBBF02AACC32D00F2A334 /* DesignSystemApp.swift in Sources */,
				8D1AFAF62AAE049B000C763D /* CustomPopupView.swift in Sources */,
				05FD395D2AB01FD6004A4FC4 /* PopupModifier.swift in Sources */,
				8D2609302AAF4DF900C383E5 /* CustomButtonModifier.swift in Sources */,
				05FD395F2AB0430A004A4FC4 /* PrimaryButton.swift in Sources */,
				05FD395A2AAFF439004A4FC4 /* PopupContainerModifier.swift in Sources */,
			);
			runOnlyForDeploymentPostprocessing = 0;
		};
		8D1BBBF82AACC32F00F2A334 /* Sources */ = {
			isa = PBXSourcesBuildPhase;
			buildActionMask = 2147483647;
			files = (
				8D1BBC012AACC32F00F2A334 /* DesignSystemTests.swift in Sources */,
			);
			runOnlyForDeploymentPostprocessing = 0;
		};
		8D1BBC022AACC32F00F2A334 /* Sources */ = {
			isa = PBXSourcesBuildPhase;
			buildActionMask = 2147483647;
			files = (
				8D1BBC0B2AACC32F00F2A334 /* DesignSystemUITests.swift in Sources */,
				8D1BBC0D2AACC32F00F2A334 /* DesignSystemUITestsLaunchTests.swift in Sources */,
			);
			runOnlyForDeploymentPostprocessing = 0;
		};
/* End PBXSourcesBuildPhase section */

/* Begin PBXTargetDependency section */
		8D1BBBFE2AACC32F00F2A334 /* PBXTargetDependency */ = {
			isa = PBXTargetDependency;
			target = 8D1BBBEB2AACC32D00F2A334 /* DesignSystem */;
			targetProxy = 8D1BBBFD2AACC32F00F2A334 /* PBXContainerItemProxy */;
		};
		8D1BBC082AACC32F00F2A334 /* PBXTargetDependency */ = {
			isa = PBXTargetDependency;
			target = 8D1BBBEB2AACC32D00F2A334 /* DesignSystem */;
			targetProxy = 8D1BBC072AACC32F00F2A334 /* PBXContainerItemProxy */;
		};
/* End PBXTargetDependency section */

/* Begin XCBuildConfiguration section */
		8D1BBC0E2AACC32F00F2A334 /* Debug */ = {
			isa = XCBuildConfiguration;
			buildSettings = {
				ALWAYS_SEARCH_USER_PATHS = NO;
				CLANG_ANALYZER_NONNULL = YES;
				CLANG_ANALYZER_NUMBER_OBJECT_CONVERSION = YES_AGGRESSIVE;
				CLANG_CXX_LANGUAGE_STANDARD = "gnu++20";
				CLANG_ENABLE_MODULES = YES;
				CLANG_ENABLE_OBJC_ARC = YES;
				CLANG_ENABLE_OBJC_WEAK = YES;
				CLANG_WARN_BLOCK_CAPTURE_AUTORELEASING = YES;
				CLANG_WARN_BOOL_CONVERSION = YES;
				CLANG_WARN_COMMA = YES;
				CLANG_WARN_CONSTANT_CONVERSION = YES;
				CLANG_WARN_DEPRECATED_OBJC_IMPLEMENTATIONS = YES;
				CLANG_WARN_DIRECT_OBJC_ISA_USAGE = YES_ERROR;
				CLANG_WARN_DOCUMENTATION_COMMENTS = YES;
				CLANG_WARN_EMPTY_BODY = YES;
				CLANG_WARN_ENUM_CONVERSION = YES;
				CLANG_WARN_INFINITE_RECURSION = YES;
				CLANG_WARN_INT_CONVERSION = YES;
				CLANG_WARN_NON_LITERAL_NULL_CONVERSION = YES;
				CLANG_WARN_OBJC_IMPLICIT_RETAIN_SELF = YES;
				CLANG_WARN_OBJC_LITERAL_CONVERSION = YES;
				CLANG_WARN_OBJC_ROOT_CLASS = YES_ERROR;
				CLANG_WARN_QUOTED_INCLUDE_IN_FRAMEWORK_HEADER = YES;
				CLANG_WARN_RANGE_LOOP_ANALYSIS = YES;
				CLANG_WARN_STRICT_PROTOTYPES = YES;
				CLANG_WARN_SUSPICIOUS_MOVE = YES;
				CLANG_WARN_UNGUARDED_AVAILABILITY = YES_AGGRESSIVE;
				CLANG_WARN_UNREACHABLE_CODE = YES;
				CLANG_WARN__DUPLICATE_METHOD_MATCH = YES;
				COPY_PHASE_STRIP = NO;
				DEBUG_INFORMATION_FORMAT = dwarf;
				ENABLE_STRICT_OBJC_MSGSEND = YES;
				ENABLE_TESTABILITY = YES;
				GCC_C_LANGUAGE_STANDARD = gnu11;
				GCC_DYNAMIC_NO_PIC = NO;
				GCC_NO_COMMON_BLOCKS = YES;
				GCC_OPTIMIZATION_LEVEL = 0;
				GCC_PREPROCESSOR_DEFINITIONS = (
					"DEBUG=1",
					"$(inherited)",
				);
				GCC_WARN_64_TO_32_BIT_CONVERSION = YES;
				GCC_WARN_ABOUT_RETURN_TYPE = YES_ERROR;
				GCC_WARN_UNDECLARED_SELECTOR = YES;
				GCC_WARN_UNINITIALIZED_AUTOS = YES_AGGRESSIVE;
				GCC_WARN_UNUSED_FUNCTION = YES;
				GCC_WARN_UNUSED_VARIABLE = YES;
				IPHONEOS_DEPLOYMENT_TARGET = 16.4;
				MTL_ENABLE_DEBUG_INFO = INCLUDE_SOURCE;
				MTL_FAST_MATH = YES;
				ONLY_ACTIVE_ARCH = YES;
				SDKROOT = iphoneos;
				SWIFT_ACTIVE_COMPILATION_CONDITIONS = DEBUG;
				SWIFT_OPTIMIZATION_LEVEL = "-Onone";
			};
			name = Debug;
		};
		8D1BBC0F2AACC32F00F2A334 /* Release */ = {
			isa = XCBuildConfiguration;
			buildSettings = {
				ALWAYS_SEARCH_USER_PATHS = NO;
				CLANG_ANALYZER_NONNULL = YES;
				CLANG_ANALYZER_NUMBER_OBJECT_CONVERSION = YES_AGGRESSIVE;
				CLANG_CXX_LANGUAGE_STANDARD = "gnu++20";
				CLANG_ENABLE_MODULES = YES;
				CLANG_ENABLE_OBJC_ARC = YES;
				CLANG_ENABLE_OBJC_WEAK = YES;
				CLANG_WARN_BLOCK_CAPTURE_AUTORELEASING = YES;
				CLANG_WARN_BOOL_CONVERSION = YES;
				CLANG_WARN_COMMA = YES;
				CLANG_WARN_CONSTANT_CONVERSION = YES;
				CLANG_WARN_DEPRECATED_OBJC_IMPLEMENTATIONS = YES;
				CLANG_WARN_DIRECT_OBJC_ISA_USAGE = YES_ERROR;
				CLANG_WARN_DOCUMENTATION_COMMENTS = YES;
				CLANG_WARN_EMPTY_BODY = YES;
				CLANG_WARN_ENUM_CONVERSION = YES;
				CLANG_WARN_INFINITE_RECURSION = YES;
				CLANG_WARN_INT_CONVERSION = YES;
				CLANG_WARN_NON_LITERAL_NULL_CONVERSION = YES;
				CLANG_WARN_OBJC_IMPLICIT_RETAIN_SELF = YES;
				CLANG_WARN_OBJC_LITERAL_CONVERSION = YES;
				CLANG_WARN_OBJC_ROOT_CLASS = YES_ERROR;
				CLANG_WARN_QUOTED_INCLUDE_IN_FRAMEWORK_HEADER = YES;
				CLANG_WARN_RANGE_LOOP_ANALYSIS = YES;
				CLANG_WARN_STRICT_PROTOTYPES = YES;
				CLANG_WARN_SUSPICIOUS_MOVE = YES;
				CLANG_WARN_UNGUARDED_AVAILABILITY = YES_AGGRESSIVE;
				CLANG_WARN_UNREACHABLE_CODE = YES;
				CLANG_WARN__DUPLICATE_METHOD_MATCH = YES;
				COPY_PHASE_STRIP = NO;
				DEBUG_INFORMATION_FORMAT = "dwarf-with-dsym";
				ENABLE_NS_ASSERTIONS = NO;
				ENABLE_STRICT_OBJC_MSGSEND = YES;
				GCC_C_LANGUAGE_STANDARD = gnu11;
				GCC_NO_COMMON_BLOCKS = YES;
				GCC_WARN_64_TO_32_BIT_CONVERSION = YES;
				GCC_WARN_ABOUT_RETURN_TYPE = YES_ERROR;
				GCC_WARN_UNDECLARED_SELECTOR = YES;
				GCC_WARN_UNINITIALIZED_AUTOS = YES_AGGRESSIVE;
				GCC_WARN_UNUSED_FUNCTION = YES;
				GCC_WARN_UNUSED_VARIABLE = YES;
				IPHONEOS_DEPLOYMENT_TARGET = 16.4;
				MTL_ENABLE_DEBUG_INFO = NO;
				MTL_FAST_MATH = YES;
				SDKROOT = iphoneos;
				SWIFT_COMPILATION_MODE = wholemodule;
				SWIFT_OPTIMIZATION_LEVEL = "-O";
				VALIDATE_PRODUCT = YES;
			};
			name = Release;
		};
		8D1BBC112AACC32F00F2A334 /* Debug */ = {
			isa = XCBuildConfiguration;
			buildSettings = {
				ASSETCATALOG_COMPILER_APPICON_NAME = AppIcon;
				ASSETCATALOG_COMPILER_GLOBAL_ACCENT_COLOR_NAME = AccentColor;
				CODE_SIGN_STYLE = Automatic;
				CURRENT_PROJECT_VERSION = 1;
				DEVELOPMENT_ASSET_PATHS = "\"DesignSystem/Preview Content\"";
				DEVELOPMENT_TEAM = 54V3G99LL8;
				ENABLE_PREVIEWS = YES;
				GENERATE_INFOPLIST_FILE = YES;
				INFOPLIST_KEY_UIApplicationSceneManifest_Generation = YES;
				INFOPLIST_KEY_UIApplicationSupportsIndirectInputEvents = YES;
				INFOPLIST_KEY_UILaunchScreen_Generation = YES;
				INFOPLIST_KEY_UISupportedInterfaceOrientations_iPad = "UIInterfaceOrientationPortrait UIInterfaceOrientationPortraitUpsideDown UIInterfaceOrientationLandscapeLeft UIInterfaceOrientationLandscapeRight";
				INFOPLIST_KEY_UISupportedInterfaceOrientations_iPhone = "UIInterfaceOrientationPortrait UIInterfaceOrientationLandscapeLeft UIInterfaceOrientationLandscapeRight";
				LD_RUNPATH_SEARCH_PATHS = (
					"$(inherited)",
					"@executable_path/Frameworks",
				);
				MARKETING_VERSION = 1.0;
				PRODUCT_BUNDLE_IDENTIFIER = com.lonalia.DesignSystem;
				PRODUCT_NAME = "$(TARGET_NAME)";
				SWIFT_EMIT_LOC_STRINGS = YES;
				SWIFT_VERSION = 5.0;
				TARGETED_DEVICE_FAMILY = "1,2";
			};
			name = Debug;
		};
		8D1BBC122AACC32F00F2A334 /* Release */ = {
			isa = XCBuildConfiguration;
			buildSettings = {
				ASSETCATALOG_COMPILER_APPICON_NAME = AppIcon;
				ASSETCATALOG_COMPILER_GLOBAL_ACCENT_COLOR_NAME = AccentColor;
				CODE_SIGN_STYLE = Automatic;
				CURRENT_PROJECT_VERSION = 1;
				DEVELOPMENT_ASSET_PATHS = "\"DesignSystem/Preview Content\"";
				DEVELOPMENT_TEAM = 54V3G99LL8;
				ENABLE_PREVIEWS = YES;
				GENERATE_INFOPLIST_FILE = YES;
				INFOPLIST_KEY_UIApplicationSceneManifest_Generation = YES;
				INFOPLIST_KEY_UIApplicationSupportsIndirectInputEvents = YES;
				INFOPLIST_KEY_UILaunchScreen_Generation = YES;
				INFOPLIST_KEY_UISupportedInterfaceOrientations_iPad = "UIInterfaceOrientationPortrait UIInterfaceOrientationPortraitUpsideDown UIInterfaceOrientationLandscapeLeft UIInterfaceOrientationLandscapeRight";
				INFOPLIST_KEY_UISupportedInterfaceOrientations_iPhone = "UIInterfaceOrientationPortrait UIInterfaceOrientationLandscapeLeft UIInterfaceOrientationLandscapeRight";
				LD_RUNPATH_SEARCH_PATHS = (
					"$(inherited)",
					"@executable_path/Frameworks",
				);
				MARKETING_VERSION = 1.0;
				PRODUCT_BUNDLE_IDENTIFIER = com.lonalia.DesignSystem;
				PRODUCT_NAME = "$(TARGET_NAME)";
				SWIFT_EMIT_LOC_STRINGS = YES;
				SWIFT_VERSION = 5.0;
				TARGETED_DEVICE_FAMILY = "1,2";
			};
			name = Release;
		};
		8D1BBC142AACC32F00F2A334 /* Debug */ = {
			isa = XCBuildConfiguration;
			buildSettings = {
				ALWAYS_EMBED_SWIFT_STANDARD_LIBRARIES = YES;
				BUNDLE_LOADER = "$(TEST_HOST)";
				CODE_SIGN_STYLE = Automatic;
				CURRENT_PROJECT_VERSION = 1;
				DEVELOPMENT_TEAM = GMHUACJXLZ;
				GENERATE_INFOPLIST_FILE = YES;
				IPHONEOS_DEPLOYMENT_TARGET = 16.4;
				MARKETING_VERSION = 1.0;
				PRODUCT_BUNDLE_IDENTIFIER = com.lonalia.DesignSystemTests;
				PRODUCT_NAME = "$(TARGET_NAME)";
				SWIFT_EMIT_LOC_STRINGS = NO;
				SWIFT_VERSION = 5.0;
				TARGETED_DEVICE_FAMILY = "1,2";
				TEST_HOST = "$(BUILT_PRODUCTS_DIR)/DesignSystem.app/$(BUNDLE_EXECUTABLE_FOLDER_PATH)/DesignSystem";
			};
			name = Debug;
		};
		8D1BBC152AACC32F00F2A334 /* Release */ = {
			isa = XCBuildConfiguration;
			buildSettings = {
				ALWAYS_EMBED_SWIFT_STANDARD_LIBRARIES = YES;
				BUNDLE_LOADER = "$(TEST_HOST)";
				CODE_SIGN_STYLE = Automatic;
				CURRENT_PROJECT_VERSION = 1;
				DEVELOPMENT_TEAM = GMHUACJXLZ;
				GENERATE_INFOPLIST_FILE = YES;
				IPHONEOS_DEPLOYMENT_TARGET = 16.4;
				MARKETING_VERSION = 1.0;
				PRODUCT_BUNDLE_IDENTIFIER = com.lonalia.DesignSystemTests;
				PRODUCT_NAME = "$(TARGET_NAME)";
				SWIFT_EMIT_LOC_STRINGS = NO;
				SWIFT_VERSION = 5.0;
				TARGETED_DEVICE_FAMILY = "1,2";
				TEST_HOST = "$(BUILT_PRODUCTS_DIR)/DesignSystem.app/$(BUNDLE_EXECUTABLE_FOLDER_PATH)/DesignSystem";
			};
			name = Release;
		};
		8D1BBC172AACC32F00F2A334 /* Debug */ = {
			isa = XCBuildConfiguration;
			buildSettings = {
				ALWAYS_EMBED_SWIFT_STANDARD_LIBRARIES = YES;
				CODE_SIGN_STYLE = Automatic;
				CURRENT_PROJECT_VERSION = 1;
				DEVELOPMENT_TEAM = GMHUACJXLZ;
				GENERATE_INFOPLIST_FILE = YES;
				MARKETING_VERSION = 1.0;
				PRODUCT_BUNDLE_IDENTIFIER = com.lonalia.DesignSystemUITests;
				PRODUCT_NAME = "$(TARGET_NAME)";
				SWIFT_EMIT_LOC_STRINGS = NO;
				SWIFT_VERSION = 5.0;
				TARGETED_DEVICE_FAMILY = "1,2";
				TEST_TARGET_NAME = DesignSystem;
			};
			name = Debug;
		};
		8D1BBC182AACC32F00F2A334 /* Release */ = {
			isa = XCBuildConfiguration;
			buildSettings = {
				ALWAYS_EMBED_SWIFT_STANDARD_LIBRARIES = YES;
				CODE_SIGN_STYLE = Automatic;
				CURRENT_PROJECT_VERSION = 1;
				DEVELOPMENT_TEAM = GMHUACJXLZ;
				GENERATE_INFOPLIST_FILE = YES;
				MARKETING_VERSION = 1.0;
				PRODUCT_BUNDLE_IDENTIFIER = com.lonalia.DesignSystemUITests;
				PRODUCT_NAME = "$(TARGET_NAME)";
				SWIFT_EMIT_LOC_STRINGS = NO;
				SWIFT_VERSION = 5.0;
				TARGETED_DEVICE_FAMILY = "1,2";
				TEST_TARGET_NAME = DesignSystem;
			};
			name = Release;
		};
/* End XCBuildConfiguration section */

/* Begin XCConfigurationList section */
		8D1BBBE72AACC32D00F2A334 /* Build configuration list for PBXProject "DesignSystem" */ = {
			isa = XCConfigurationList;
			buildConfigurations = (
				8D1BBC0E2AACC32F00F2A334 /* Debug */,
				8D1BBC0F2AACC32F00F2A334 /* Release */,
			);
			defaultConfigurationIsVisible = 0;
			defaultConfigurationName = Release;
		};
		8D1BBC102AACC32F00F2A334 /* Build configuration list for PBXNativeTarget "DesignSystem" */ = {
			isa = XCConfigurationList;
			buildConfigurations = (
				8D1BBC112AACC32F00F2A334 /* Debug */,
				8D1BBC122AACC32F00F2A334 /* Release */,
			);
			defaultConfigurationIsVisible = 0;
			defaultConfigurationName = Release;
		};
		8D1BBC132AACC32F00F2A334 /* Build configuration list for PBXNativeTarget "DesignSystemTests" */ = {
			isa = XCConfigurationList;
			buildConfigurations = (
				8D1BBC142AACC32F00F2A334 /* Debug */,
				8D1BBC152AACC32F00F2A334 /* Release */,
			);
			defaultConfigurationIsVisible = 0;
			defaultConfigurationName = Release;
		};
		8D1BBC162AACC32F00F2A334 /* Build configuration list for PBXNativeTarget "DesignSystemUITests" */ = {
			isa = XCConfigurationList;
			buildConfigurations = (
				8D1BBC172AACC32F00F2A334 /* Debug */,
				8D1BBC182AACC32F00F2A334 /* Release */,
			);
			defaultConfigurationIsVisible = 0;
			defaultConfigurationName = Release;
		};
/* End XCConfigurationList section */
	};
	rootObject = 8D1BBBE42AACC32D00F2A334 /* Project object */;
}
