// !$*UTF8*$!
{
	archiveVersion = 1;
	classes = {
	};
	objectVersion = 56;
	objects = {

/* Begin PBXBuildFile section */
		051494BB2AEF263D000D88CC /* TodosApp.swift in Sources */ = {isa = PBXBuildFile; fileRef = 051494BA2AEF263D000D88CC /* TodosApp.swift */; };
		051494BD2AEF263D000D88CC /* ContentView.swift in Sources */ = {isa = PBXBuildFile; fileRef = 051494BC2AEF263D000D88CC /* ContentView.swift */; };
		051494BF2AEF263E000D88CC /* Assets.xcassets in Resources */ = {isa = PBXBuildFile; fileRef = 051494BE2AEF263E000D88CC /* Assets.xcassets */; };
		051494C22AEF263E000D88CC /* Preview Assets.xcassets in Resources */ = {isa = PBXBuildFile; fileRef = 051494C12AEF263E000D88CC /* Preview Assets.xcassets */; };
		051494CC2AEF263E000D88CC /* TodosTests.swift in Sources */ = {isa = PBXBuildFile; fileRef = 051494CB2AEF263E000D88CC /* TodosTests.swift */; };
		051494D62AEF263E000D88CC /* TodosUITests.swift in Sources */ = {isa = PBXBuildFile; fileRef = 051494D52AEF263E000D88CC /* TodosUITests.swift */; };
		051494D82AEF263E000D88CC /* TodosUITestsLaunchTests.swift in Sources */ = {isa = PBXBuildFile; fileRef = 051494D72AEF263E000D88CC /* TodosUITestsLaunchTests.swift */; };
/* End PBXBuildFile section */

/* Begin PBXContainerItemProxy section */
		051494C82AEF263E000D88CC /* PBXContainerItemProxy */ = {
			isa = PBXContainerItemProxy;
			containerPortal = 051494AF2AEF263D000D88CC /* Project object */;
			proxyType = 1;
			remoteGlobalIDString = 051494B62AEF263D000D88CC;
			remoteInfo = Todos;
		};
		051494D22AEF263E000D88CC /* PBXContainerItemProxy */ = {
			isa = PBXContainerItemProxy;
			containerPortal = 051494AF2AEF263D000D88CC /* Project object */;
			proxyType = 1;
			remoteGlobalIDString = 051494B62AEF263D000D88CC;
			remoteInfo = Todos;
		};
/* End PBXContainerItemProxy section */

/* Begin PBXFileReference section */
		051494B72AEF263D000D88CC /* Todos.app */ = {isa = PBXFileReference; explicitFileType = wrapper.application; includeInIndex = 0; path = Todos.app; sourceTree = BUILT_PRODUCTS_DIR; };
		051494BA2AEF263D000D88CC /* TodosApp.swift */ = {isa = PBXFileReference; lastKnownFileType = sourcecode.swift; path = TodosApp.swift; sourceTree = "<group>"; };
		051494BC2AEF263D000D88CC /* ContentView.swift */ = {isa = PBXFileReference; lastKnownFileType = sourcecode.swift; path = ContentView.swift; sourceTree = "<group>"; };
		051494BE2AEF263E000D88CC /* Assets.xcassets */ = {isa = PBXFileReference; lastKnownFileType = folder.assetcatalog; path = Assets.xcassets; sourceTree = "<group>"; };
		051494C12AEF263E000D88CC /* Preview Assets.xcassets */ = {isa = PBXFileReference; lastKnownFileType = folder.assetcatalog; path = "Preview Assets.xcassets"; sourceTree = "<group>"; };
		051494C72AEF263E000D88CC /* TodosTests.xctest */ = {isa = PBXFileReference; explicitFileType = wrapper.cfbundle; includeInIndex = 0; path = TodosTests.xctest; sourceTree = BUILT_PRODUCTS_DIR; };
		051494CB2AEF263E000D88CC /* TodosTests.swift */ = {isa = PBXFileReference; lastKnownFileType = sourcecode.swift; path = TodosTests.swift; sourceTree = "<group>"; };
		051494D12AEF263E000D88CC /* TodosUITests.xctest */ = {isa = PBXFileReference; explicitFileType = wrapper.cfbundle; includeInIndex = 0; path = TodosUITests.xctest; sourceTree = BUILT_PRODUCTS_DIR; };
		051494D52AEF263E000D88CC /* TodosUITests.swift */ = {isa = PBXFileReference; lastKnownFileType = sourcecode.swift; path = TodosUITests.swift; sourceTree = "<group>"; };
		051494D72AEF263E000D88CC /* TodosUITestsLaunchTests.swift */ = {isa = PBXFileReference; lastKnownFileType = sourcecode.swift; path = TodosUITestsLaunchTests.swift; sourceTree = "<group>"; };
/* End PBXFileReference section */

/* Begin PBXFrameworksBuildPhase section */
		051494B42AEF263D000D88CC /* Frameworks */ = {
			isa = PBXFrameworksBuildPhase;
			buildActionMask = 2147483647;
			files = (
			);
			runOnlyForDeploymentPostprocessing = 0;
		};
		051494C42AEF263E000D88CC /* Frameworks */ = {
			isa = PBXFrameworksBuildPhase;
			buildActionMask = 2147483647;
			files = (
			);
			runOnlyForDeploymentPostprocessing = 0;
		};
		051494CE2AEF263E000D88CC /* Frameworks */ = {
			isa = PBXFrameworksBuildPhase;
			buildActionMask = 2147483647;
			files = (
			);
			runOnlyForDeploymentPostprocessing = 0;
		};
/* End PBXFrameworksBuildPhase section */

/* Begin PBXGroup section */
		051494AE2AEF263D000D88CC = {
			isa = PBXGroup;
			children = (
				051494B92AEF263D000D88CC /* Todos */,
				051494CA2AEF263E000D88CC /* TodosTests */,
				051494D42AEF263E000D88CC /* TodosUITests */,
				051494B82AEF263D000D88CC /* Products */,
			);
			sourceTree = "<group>";
		};
		051494B82AEF263D000D88CC /* Products */ = {
			isa = PBXGroup;
			children = (
				051494B72AEF263D000D88CC /* Todos.app */,
				051494C72AEF263E000D88CC /* TodosTests.xctest */,
				051494D12AEF263E000D88CC /* TodosUITests.xctest */,
			);
			name = Products;
			sourceTree = "<group>";
		};
		051494B92AEF263D000D88CC /* Todos */ = {
			isa = PBXGroup;
			children = (
				051494BA2AEF263D000D88CC /* TodosApp.swift */,
				051494BC2AEF263D000D88CC /* ContentView.swift */,
				051494BE2AEF263E000D88CC /* Assets.xcassets */,
				051494C02AEF263E000D88CC /* Preview Content */,
			);
			path = Todos;
			sourceTree = "<group>";
		};
		051494C02AEF263E000D88CC /* Preview Content */ = {
			isa = PBXGroup;
			children = (
				051494C12AEF263E000D88CC /* Preview Assets.xcassets */,
			);
			path = "Preview Content";
			sourceTree = "<group>";
		};
		051494CA2AEF263E000D88CC /* TodosTests */ = {
			isa = PBXGroup;
			children = (
				051494CB2AEF263E000D88CC /* TodosTests.swift */,
			);
			path = TodosTests;
			sourceTree = "<group>";
		};
		051494D42AEF263E000D88CC /* TodosUITests */ = {
			isa = PBXGroup;
			children = (
				051494D52AEF263E000D88CC /* TodosUITests.swift */,
				051494D72AEF263E000D88CC /* TodosUITestsLaunchTests.swift */,
			);
			path = TodosUITests;
			sourceTree = "<group>";
		};
/* End PBXGroup section */

/* Begin PBXNativeTarget section */
		051494B62AEF263D000D88CC /* Todos */ = {
			isa = PBXNativeTarget;
			buildConfigurationList = 051494DB2AEF263E000D88CC /* Build configuration list for PBXNativeTarget "Todos" */;
			buildPhases = (
				051494B32AEF263D000D88CC /* Sources */,
				051494B42AEF263D000D88CC /* Frameworks */,
				051494B52AEF263D000D88CC /* Resources */,
			);
			buildRules = (
			);
			dependencies = (
			);
			name = Todos;
			productName = Todos;
			productReference = 051494B72AEF263D000D88CC /* Todos.app */;
			productType = "com.apple.product-type.application";
		};
		051494C62AEF263E000D88CC /* TodosTests */ = {
			isa = PBXNativeTarget;
			buildConfigurationList = 051494DE2AEF263E000D88CC /* Build configuration list for PBXNativeTarget "TodosTests" */;
			buildPhases = (
				051494C32AEF263E000D88CC /* Sources */,
				051494C42AEF263E000D88CC /* Frameworks */,
				051494C52AEF263E000D88CC /* Resources */,
			);
			buildRules = (
			);
			dependencies = (
				051494C92AEF263E000D88CC /* PBXTargetDependency */,
			);
			name = TodosTests;
			productName = TodosTests;
			productReference = 051494C72AEF263E000D88CC /* TodosTests.xctest */;
			productType = "com.apple.product-type.bundle.unit-test";
		};
		051494D02AEF263E000D88CC /* TodosUITests */ = {
			isa = PBXNativeTarget;
			buildConfigurationList = 051494E12AEF263E000D88CC /* Build configuration list for PBXNativeTarget "TodosUITests" */;
			buildPhases = (
				051494CD2AEF263E000D88CC /* Sources */,
				051494CE2AEF263E000D88CC /* Frameworks */,
				051494CF2AEF263E000D88CC /* Resources */,
			);
			buildRules = (
			);
			dependencies = (
				051494D32AEF263E000D88CC /* PBXTargetDependency */,
			);
			name = TodosUITests;
			productName = TodosUITests;
			productReference = 051494D12AEF263E000D88CC /* TodosUITests.xctest */;
			productType = "com.apple.product-type.bundle.ui-testing";
		};
/* End PBXNativeTarget section */

/* Begin PBXProject section */
		051494AF2AEF263D000D88CC /* Project object */ = {
			isa = PBXProject;
			attributes = {
				BuildIndependentTargetsInParallel = 1;
				LastSwiftUpdateCheck = 1430;
				LastUpgradeCheck = 1430;
				TargetAttributes = {
					051494B62AEF263D000D88CC = {
						CreatedOnToolsVersion = 14.3.1;
					};
					051494C62AEF263E000D88CC = {
						CreatedOnToolsVersion = 14.3.1;
						TestTargetID = 051494B62AEF263D000D88CC;
					};
					051494D02AEF263E000D88CC = {
						CreatedOnToolsVersion = 14.3.1;
						TestTargetID = 051494B62AEF263D000D88CC;
					};
				};
			};
			buildConfigurationList = 051494B22AEF263D000D88CC /* Build configuration list for PBXProject "Todos" */;
			compatibilityVersion = "Xcode 14.0";
			developmentRegion = en;
			hasScannedForEncodings = 0;
			knownRegions = (
				en,
				Base,
			);
			mainGroup = 051494AE2AEF263D000D88CC;
			productRefGroup = 051494B82AEF263D000D88CC /* Products */;
			projectDirPath = "";
			projectRoot = "";
			targets = (
				051494B62AEF263D000D88CC /* Todos */,
				051494C62AEF263E000D88CC /* TodosTests */,
				051494D02AEF263E000D88CC /* TodosUITests */,
			);
		};
/* End PBXProject section */

/* Begin PBXResourcesBuildPhase section */
		051494B52AEF263D000D88CC /* Resources */ = {
			isa = PBXResourcesBuildPhase;
			buildActionMask = 2147483647;
			files = (
				051494C22AEF263E000D88CC /* Preview Assets.xcassets in Resources */,
				051494BF2AEF263E000D88CC /* Assets.xcassets in Resources */,
			);
			runOnlyForDeploymentPostprocessing = 0;
		};
		051494C52AEF263E000D88CC /* Resources */ = {
			isa = PBXResourcesBuildPhase;
			buildActionMask = 2147483647;
			files = (
			);
			runOnlyForDeploymentPostprocessing = 0;
		};
		051494CF2AEF263E000D88CC /* Resources */ = {
			isa = PBXResourcesBuildPhase;
			buildActionMask = 2147483647;
			files = (
			);
			runOnlyForDeploymentPostprocessing = 0;
		};
/* End PBXResourcesBuildPhase section */

/* Begin PBXSourcesBuildPhase section */
		051494B32AEF263D000D88CC /* Sources */ = {
			isa = PBXSourcesBuildPhase;
			buildActionMask = 2147483647;
			files = (
				051494BD2AEF263D000D88CC /* ContentView.swift in Sources */,
				051494BB2AEF263D000D88CC /* TodosApp.swift in Sources */,
			);
			runOnlyForDeploymentPostprocessing = 0;
		};
		051494C32AEF263E000D88CC /* Sources */ = {
			isa = PBXSourcesBuildPhase;
			buildActionMask = 2147483647;
			files = (
				051494CC2AEF263E000D88CC /* TodosTests.swift in Sources */,
			);
			runOnlyForDeploymentPostprocessing = 0;
		};
		051494CD2AEF263E000D88CC /* Sources */ = {
			isa = PBXSourcesBuildPhase;
			buildActionMask = 2147483647;
			files = (
				051494D82AEF263E000D88CC /* TodosUITestsLaunchTests.swift in Sources */,
				051494D62AEF263E000D88CC /* TodosUITests.swift in Sources */,
			);
			runOnlyForDeploymentPostprocessing = 0;
		};
/* End PBXSourcesBuildPhase section */

/* Begin PBXTargetDependency section */
		051494C92AEF263E000D88CC /* PBXTargetDependency */ = {
			isa = PBXTargetDependency;
			target = 051494B62AEF263D000D88CC /* Todos */;
			targetProxy = 051494C82AEF263E000D88CC /* PBXContainerItemProxy */;
		};
		051494D32AEF263E000D88CC /* PBXTargetDependency */ = {
			isa = PBXTargetDependency;
			target = 051494B62AEF263D000D88CC /* Todos */;
			targetProxy = 051494D22AEF263E000D88CC /* PBXContainerItemProxy */;
		};
/* End PBXTargetDependency section */

/* Begin XCBuildConfiguration section */
		051494D92AEF263E000D88CC /* Debug */ = {
			isa = XCBuildConfiguration;
			buildSettings = {
				ALWAYS_SEARCH_USER_PATHS = NO;
				CLANG_ANALYZER_NONNULL = YES;
				CLANG_ANALYZER_NUMBER_OBJECT_CONVERSION = YES_AGGRESSIVE;
				CLANG_CXX_LANGUAGE_STANDARD = "gnu++20";
				CLANG_ENABLE_MODULES = YES;
				CLANG_ENABLE_OBJC_ARC = YES;
				CLANG_ENABLE_OBJC_WEAK = YES;
				CLANG_WARN_BLOCK_CAPTURE_AUTORELEASING = YES;
				CLANG_WARN_BOOL_CONVERSION = YES;
				CLANG_WARN_COMMA = YES;
				CLANG_WARN_CONSTANT_CONVERSION = YES;
				CLANG_WARN_DEPRECATED_OBJC_IMPLEMENTATIONS = YES;
				CLANG_WARN_DIRECT_OBJC_ISA_USAGE = YES_ERROR;
				CLANG_WARN_DOCUMENTATION_COMMENTS = YES;
				CLANG_WARN_EMPTY_BODY = YES;
				CLANG_WARN_ENUM_CONVERSION = YES;
				CLANG_WARN_INFINITE_RECURSION = YES;
				CLANG_WARN_INT_CONVERSION = YES;
				CLANG_WARN_NON_LITERAL_NULL_CONVERSION = YES;
				CLANG_WARN_OBJC_IMPLICIT_RETAIN_SELF = YES;
				CLANG_WARN_OBJC_LITERAL_CONVERSION = YES;
				CLANG_WARN_OBJC_ROOT_CLASS = YES_ERROR;
				CLANG_WARN_QUOTED_INCLUDE_IN_FRAMEWORK_HEADER = YES;
				CLANG_WARN_RANGE_LOOP_ANALYSIS = YES;
				CLANG_WARN_STRICT_PROTOTYPES = YES;
				CLANG_WARN_SUSPICIOUS_MOVE = YES;
				CLANG_WARN_UNGUARDED_AVAILABILITY = YES_AGGRESSIVE;
				CLANG_WARN_UNREACHABLE_CODE = YES;
				CLANG_WARN__DUPLICATE_METHOD_MATCH = YES;
				COPY_PHASE_STRIP = NO;
				DEBUG_INFORMATION_FORMAT = dwarf;
				ENABLE_STRICT_OBJC_MSGSEND = YES;
				ENABLE_TESTABILITY = YES;
				GCC_C_LANGUAGE_STANDARD = gnu11;
				GCC_DYNAMIC_NO_PIC = NO;
				GCC_NO_COMMON_BLOCKS = YES;
				GCC_OPTIMIZATION_LEVEL = 0;
				GCC_PREPROCESSOR_DEFINITIONS = (
					"DEBUG=1",
					"$(inherited)",
				);
				GCC_WARN_64_TO_32_BIT_CONVERSION = YES;
				GCC_WARN_ABOUT_RETURN_TYPE = YES_ERROR;
				GCC_WARN_UNDECLARED_SELECTOR = YES;
				GCC_WARN_UNINITIALIZED_AUTOS = YES_AGGRESSIVE;
				GCC_WARN_UNUSED_FUNCTION = YES;
				GCC_WARN_UNUSED_VARIABLE = YES;
				IPHONEOS_DEPLOYMENT_TARGET = 16.4;
				MTL_ENABLE_DEBUG_INFO = INCLUDE_SOURCE;
				MTL_FAST_MATH = YES;
				ONLY_ACTIVE_ARCH = YES;
				SDKROOT = iphoneos;
				SWIFT_ACTIVE_COMPILATION_CONDITIONS = DEBUG;
				SWIFT_OPTIMIZATION_LEVEL = "-Onone";
			};
			name = Debug;
		};
		051494DA2AEF263E000D88CC /* Release */ = {
			isa = XCBuildConfiguration;
			buildSettings = {
				ALWAYS_SEARCH_USER_PATHS = NO;
				CLANG_ANALYZER_NONNULL = YES;
				CLANG_ANALYZER_NUMBER_OBJECT_CONVERSION = YES_AGGRESSIVE;
				CLANG_CXX_LANGUAGE_STANDARD = "gnu++20";
				CLANG_ENABLE_MODULES = YES;
				CLANG_ENABLE_OBJC_ARC = YES;
				CLANG_ENABLE_OBJC_WEAK = YES;
				CLANG_WARN_BLOCK_CAPTURE_AUTORELEASING = YES;
				CLANG_WARN_BOOL_CONVERSION = YES;
				CLANG_WARN_COMMA = YES;
				CLANG_WARN_CONSTANT_CONVERSION = YES;
				CLANG_WARN_DEPRECATED_OBJC_IMPLEMENTATIONS = YES;
				CLANG_WARN_DIRECT_OBJC_ISA_USAGE = YES_ERROR;
				CLANG_WARN_DOCUMENTATION_COMMENTS = YES;
				CLANG_WARN_EMPTY_BODY = YES;
				CLANG_WARN_ENUM_CONVERSION = YES;
				CLANG_WARN_INFINITE_RECURSION = YES;
				CLANG_WARN_INT_CONVERSION = YES;
				CLANG_WARN_NON_LITERAL_NULL_CONVERSION = YES;
				CLANG_WARN_OBJC_IMPLICIT_RETAIN_SELF = YES;
				CLANG_WARN_OBJC_LITERAL_CONVERSION = YES;
				CLANG_WARN_OBJC_ROOT_CLASS = YES_ERROR;
				CLANG_WARN_QUOTED_INCLUDE_IN_FRAMEWORK_HEADER = YES;
				CLANG_WARN_RANGE_LOOP_ANALYSIS = YES;
				CLANG_WARN_STRICT_PROTOTYPES = YES;
				CLANG_WARN_SUSPICIOUS_MOVE = YES;
				CLANG_WARN_UNGUARDED_AVAILABILITY = YES_AGGRESSIVE;
				CLANG_WARN_UNREACHABLE_CODE = YES;
				CLANG_WARN__DUPLICATE_METHOD_MATCH = YES;
				COPY_PHASE_STRIP = NO;
				DEBUG_INFORMATION_FORMAT = "dwarf-with-dsym";
				ENABLE_NS_ASSERTIONS = NO;
				ENABLE_STRICT_OBJC_MSGSEND = YES;
				GCC_C_LANGUAGE_STANDARD = gnu11;
				GCC_NO_COMMON_BLOCKS = YES;
				GCC_WARN_64_TO_32_BIT_CONVERSION = YES;
				GCC_WARN_ABOUT_RETURN_TYPE = YES_ERROR;
				GCC_WARN_UNDECLARED_SELECTOR = YES;
				GCC_WARN_UNINITIALIZED_AUTOS = YES_AGGRESSIVE;
				GCC_WARN_UNUSED_FUNCTION = YES;
				GCC_WARN_UNUSED_VARIABLE = YES;
				IPHONEOS_DEPLOYMENT_TARGET = 16.4;
				MTL_ENABLE_DEBUG_INFO = NO;
				MTL_FAST_MATH = YES;
				SDKROOT = iphoneos;
				SWIFT_COMPILATION_MODE = wholemodule;
				SWIFT_OPTIMIZATION_LEVEL = "-O";
				VALIDATE_PRODUCT = YES;
			};
			name = Release;
		};
		051494DC2AEF263E000D88CC /* Debug */ = {
			isa = XCBuildConfiguration;
			buildSettings = {
				ASSETCATALOG_COMPILER_APPICON_NAME = AppIcon;
				ASSETCATALOG_COMPILER_GLOBAL_ACCENT_COLOR_NAME = AccentColor;
				CODE_SIGN_STYLE = Automatic;
				CURRENT_PROJECT_VERSION = 1;
				DEVELOPMENT_ASSET_PATHS = "\"Todos/Preview Content\"";
				DEVELOPMENT_TEAM = 54V3G99LL8;
				ENABLE_PREVIEWS = YES;
				GENERATE_INFOPLIST_FILE = YES;
				INFOPLIST_KEY_UIApplicationSceneManifest_Generation = YES;
				INFOPLIST_KEY_UIApplicationSupportsIndirectInputEvents = YES;
				INFOPLIST_KEY_UILaunchScreen_Generation = YES;
				INFOPLIST_KEY_UISupportedInterfaceOrientations_iPad = "UIInterfaceOrientationPortrait UIInterfaceOrientationPortraitUpsideDown UIInterfaceOrientationLandscapeLeft UIInterfaceOrientationLandscapeRight";
				INFOPLIST_KEY_UISupportedInterfaceOrientations_iPhone = "UIInterfaceOrientationPortrait UIInterfaceOrientationLandscapeLeft UIInterfaceOrientationLandscapeRight";
				LD_RUNPATH_SEARCH_PATHS = (
					"$(inherited)",
					"@executable_path/Frameworks",
				);
				MARKETING_VERSION = 1.0;
				PRODUCT_BUNDLE_IDENTIFIER = com.lonalia.Todos;
				PRODUCT_NAME = "$(TARGET_NAME)";
				SWIFT_EMIT_LOC_STRINGS = YES;
				SWIFT_VERSION = 5.0;
				TARGETED_DEVICE_FAMILY = "1,2";
			};
			name = Debug;
		};
		051494DD2AEF263E000D88CC /* Release */ = {
			isa = XCBuildConfiguration;
			buildSettings = {
				ASSETCATALOG_COMPILER_APPICON_NAME = AppIcon;
				ASSETCATALOG_COMPILER_GLOBAL_ACCENT_COLOR_NAME = AccentColor;
				CODE_SIGN_STYLE = Automatic;
				CURRENT_PROJECT_VERSION = 1;
				DEVELOPMENT_ASSET_PATHS = "\"Todos/Preview Content\"";
				DEVELOPMENT_TEAM = 54V3G99LL8;
				ENABLE_PREVIEWS = YES;
				GENERATE_INFOPLIST_FILE = YES;
				INFOPLIST_KEY_UIApplicationSceneManifest_Generation = YES;
				INFOPLIST_KEY_UIApplicationSupportsIndirectInputEvents = YES;
				INFOPLIST_KEY_UILaunchScreen_Generation = YES;
				INFOPLIST_KEY_UISupportedInterfaceOrientations_iPad = "UIInterfaceOrientationPortrait UIInterfaceOrientationPortraitUpsideDown UIInterfaceOrientationLandscapeLeft UIInterfaceOrientationLandscapeRight";
				INFOPLIST_KEY_UISupportedInterfaceOrientations_iPhone = "UIInterfaceOrientationPortrait UIInterfaceOrientationLandscapeLeft UIInterfaceOrientationLandscapeRight";
				LD_RUNPATH_SEARCH_PATHS = (
					"$(inherited)",
					"@executable_path/Frameworks",
				);
				MARKETING_VERSION = 1.0;
				PRODUCT_BUNDLE_IDENTIFIER = com.lonalia.Todos;
				PRODUCT_NAME = "$(TARGET_NAME)";
				SWIFT_EMIT_LOC_STRINGS = YES;
				SWIFT_VERSION = 5.0;
				TARGETED_DEVICE_FAMILY = "1,2";
			};
			name = Release;
		};
		051494DF2AEF263E000D88CC /* Debug */ = {
			isa = XCBuildConfiguration;
			buildSettings = {
				ALWAYS_EMBED_SWIFT_STANDARD_LIBRARIES = YES;
				BUNDLE_LOADER = "$(TEST_HOST)";
				CODE_SIGN_STYLE = Automatic;
				CURRENT_PROJECT_VERSION = 1;
				DEVELOPMENT_TEAM = 54V3G99LL8;
				GENERATE_INFOPLIST_FILE = YES;
				IPHONEOS_DEPLOYMENT_TARGET = 16.4;
				MARKETING_VERSION = 1.0;
				PRODUCT_BUNDLE_IDENTIFIER = com.lonalia.TodosTests;
				PRODUCT_NAME = "$(TARGET_NAME)";
				SWIFT_EMIT_LOC_STRINGS = NO;
				SWIFT_VERSION = 5.0;
				TARGETED_DEVICE_FAMILY = "1,2";
				TEST_HOST = "$(BUILT_PRODUCTS_DIR)/Todos.app/$(BUNDLE_EXECUTABLE_FOLDER_PATH)/Todos";
			};
			name = Debug;
		};
		051494E02AEF263E000D88CC /* Release */ = {
			isa = XCBuildConfiguration;
			buildSettings = {
				ALWAYS_EMBED_SWIFT_STANDARD_LIBRARIES = YES;
				BUNDLE_LOADER = "$(TEST_HOST)";
				CODE_SIGN_STYLE = Automatic;
				CURRENT_PROJECT_VERSION = 1;
				DEVELOPMENT_TEAM = 54V3G99LL8;
				GENERATE_INFOPLIST_FILE = YES;
				IPHONEOS_DEPLOYMENT_TARGET = 16.4;
				MARKETING_VERSION = 1.0;
				PRODUCT_BUNDLE_IDENTIFIER = com.lonalia.TodosTests;
				PRODUCT_NAME = "$(TARGET_NAME)";
				SWIFT_EMIT_LOC_STRINGS = NO;
				SWIFT_VERSION = 5.0;
				TARGETED_DEVICE_FAMILY = "1,2";
				TEST_HOST = "$(BUILT_PRODUCTS_DIR)/Todos.app/$(BUNDLE_EXECUTABLE_FOLDER_PATH)/Todos";
			};
			name = Release;
		};
		051494E22AEF263E000D88CC /* Debug */ = {
			isa = XCBuildConfiguration;
			buildSettings = {
				ALWAYS_EMBED_SWIFT_STANDARD_LIBRARIES = YES;
				CODE_SIGN_STYLE = Automatic;
				CURRENT_PROJECT_VERSION = 1;
				DEVELOPMENT_TEAM = 54V3G99LL8;
				GENERATE_INFOPLIST_FILE = YES;
				MARKETING_VERSION = 1.0;
				PRODUCT_BUNDLE_IDENTIFIER = com.lonalia.TodosUITests;
				PRODUCT_NAME = "$(TARGET_NAME)";
				SWIFT_EMIT_LOC_STRINGS = NO;
				SWIFT_VERSION = 5.0;
				TARGETED_DEVICE_FAMILY = "1,2";
				TEST_TARGET_NAME = Todos;
			};
			name = Debug;
		};
		051494E32AEF263E000D88CC /* Release */ = {
			isa = XCBuildConfiguration;
			buildSettings = {
				ALWAYS_EMBED_SWIFT_STANDARD_LIBRARIES = YES;
				CODE_SIGN_STYLE = Automatic;
				CURRENT_PROJECT_VERSION = 1;
				DEVELOPMENT_TEAM = 54V3G99LL8;
				GENERATE_INFOPLIST_FILE = YES;
				MARKETING_VERSION = 1.0;
				PRODUCT_BUNDLE_IDENTIFIER = com.lonalia.TodosUITests;
				PRODUCT_NAME = "$(TARGET_NAME)";
				SWIFT_EMIT_LOC_STRINGS = NO;
				SWIFT_VERSION = 5.0;
				TARGETED_DEVICE_FAMILY = "1,2";
				TEST_TARGET_NAME = Todos;
			};
			name = Release;
		};
/* End XCBuildConfiguration section */

/* Begin XCConfigurationList section */
		051494B22AEF263D000D88CC /* Build configuration list for PBXProject "Todos" */ = {
			isa = XCConfigurationList;
			buildConfigurations = (
				051494D92AEF263E000D88CC /* Debug */,
				051494DA2AEF263E000D88CC /* Release */,
			);
			defaultConfigurationIsVisible = 0;
			defaultConfigurationName = Release;
		};
		051494DB2AEF263E000D88CC /* Build configuration list for PBXNativeTarget "Todos" */ = {
			isa = XCConfigurationList;
			buildConfigurations = (
				051494DC2AEF263E000D88CC /* Debug */,
				051494DD2AEF263E000D88CC /* Release */,
			);
			defaultConfigurationIsVisible = 0;
			defaultConfigurationName = Release;
		};
		051494DE2AEF263E000D88CC /* Build configuration list for PBXNativeTarget "TodosTests" */ = {
			isa = XCConfigurationList;
			buildConfigurations = (
				051494DF2AEF263E000D88CC /* Debug */,
				051494E02AEF263E000D88CC /* Release */,
			);
			defaultConfigurationIsVisible = 0;
			defaultConfigurationName = Release;
		};
		051494E12AEF263E000D88CC /* Build configuration list for PBXNativeTarget "TodosUITests" */ = {
			isa = XCConfigurationList;
			buildConfigurations = (
				051494E22AEF263E000D88CC /* Debug */,
				051494E32AEF263E000D88CC /* Release */,
			);
			defaultConfigurationIsVisible = 0;
			defaultConfigurationName = Release;
		};
/* End XCConfigurationList section */
	};
	rootObject = 051494AF2AEF263D000D88CC /* Project object */;
}
