// !$*UTF8*$!
{
	archiveVersion = 1;
	classes = {
	};
	objectVersion = 56;
	objects = {

/* Begin PBXBuildFile section */
		8D56928C2A9B58CC003AFD98 /* LaunchScreen.storyboard in Resources */ = {isa = PBXBuildFile; fileRef = 8D56928B2A9B58CC003AFD98 /* LaunchScreen.storyboard */; };
		8DB3519E2A90A9A4001AB679 /* KeyPadReducer.swift in Sources */ = {isa = PBXBuildFile; fileRef = 8DB3519D2A90A9A4001AB679 /* KeyPadReducer.swift */; };
		8DB351A32A90AA65001AB679 /* CallGreenButton.swift in Sources */ = {isa = PBXBuildFile; fileRef = 8DB351A12A90AA65001AB679 /* CallGreenButton.swift */; };
		8DB351A42A90AA65001AB679 /* NumberView.swift in Sources */ = {isa = PBXBuildFile; fileRef = 8DB3519F2A90AA64001AB679 /* NumberView.swift */; };
		8DB351A52A90AA65001AB679 /* DeleteNumberView.swift in Sources */ = {isa = PBXBuildFile; fileRef = 8DB351A22A90AA65001AB679 /* DeleteNumberView.swift */; };
		8DB351AE2A90ABE7001AB679 /* ComposableArchitecture in Frameworks */ = {isa = PBXBuildFile; productRef = 8DB351AD2A90ABE7001AB679 /* ComposableArchitecture */; };
		8DB351B12A90B123001AB679 /* KeyPadNumberDTO.swift in Sources */ = {isa = PBXBuildFile; fileRef = 8DB351B02A90B123001AB679 /* KeyPadNumberDTO.swift */; };
		8DEE4C2A2A90A31000DA6CFE /* KeyPadApp.swift in Sources */ = {isa = PBXBuildFile; fileRef = 8DEE4C292A90A31000DA6CFE /* KeyPadApp.swift */; };
		8DEE4C2C2A90A31000DA6CFE /* ContentView.swift in Sources */ = {isa = PBXBuildFile; fileRef = 8DEE4C2B2A90A31000DA6CFE /* ContentView.swift */; };
		8DEE4C2E2A90A31100DA6CFE /* Assets.xcassets in Resources */ = {isa = PBXBuildFile; fileRef = 8DEE4C2D2A90A31100DA6CFE /* Assets.xcassets */; };
		8DEE4C312A90A31100DA6CFE /* Preview Assets.xcassets in Resources */ = {isa = PBXBuildFile; fileRef = 8DEE4C302A90A31100DA6CFE /* Preview Assets.xcassets */; };
		8DEE4C3B2A90A31100DA6CFE /* KeyPadTests.swift in Sources */ = {isa = PBXBuildFile; fileRef = 8DEE4C3A2A90A31100DA6CFE /* KeyPadTests.swift */; };
		8DEE4C452A90A31100DA6CFE /* KeyPadUITests.swift in Sources */ = {isa = PBXBuildFile; fileRef = 8DEE4C442A90A31100DA6CFE /* KeyPadUITests.swift */; };
		8DEE4C472A90A31100DA6CFE /* KeyPadUITestsLaunchTests.swift in Sources */ = {isa = PBXBuildFile; fileRef = 8DEE4C462A90A31100DA6CFE /* KeyPadUITestsLaunchTests.swift */; };
/* End PBXBuildFile section */

/* Begin PBXContainerItemProxy section */
		8DEE4C372A90A31100DA6CFE /* PBXContainerItemProxy */ = {
			isa = PBXContainerItemProxy;
			containerPortal = 8DEE4C1E2A90A31000DA6CFE /* Project object */;
			proxyType = 1;
			remoteGlobalIDString = 8DEE4C252A90A31000DA6CFE;
			remoteInfo = KeyPad;
		};
		8DEE4C412A90A31100DA6CFE /* PBXContainerItemProxy */ = {
			isa = PBXContainerItemProxy;
			containerPortal = 8DEE4C1E2A90A31000DA6CFE /* Project object */;
			proxyType = 1;
			remoteGlobalIDString = 8DEE4C252A90A31000DA6CFE;
			remoteInfo = KeyPad;
		};
/* End PBXContainerItemProxy section */

/* Begin PBXFileReference section */
		8D56928B2A9B58CC003AFD98 /* LaunchScreen.storyboard */ = {isa = PBXFileReference; lastKnownFileType = file.storyboard; path = LaunchScreen.storyboard; sourceTree = "<group>"; };
		8DB3519D2A90A9A4001AB679 /* KeyPadReducer.swift */ = {isa = PBXFileReference; lastKnownFileType = sourcecode.swift; path = KeyPadReducer.swift; sourceTree = "<group>"; };
		8DB3519F2A90AA64001AB679 /* NumberView.swift */ = {isa = PBXFileReference; fileEncoding = 4; lastKnownFileType = sourcecode.swift; path = NumberView.swift; sourceTree = "<group>"; };
		8DB351A12A90AA65001AB679 /* CallGreenButton.swift */ = {isa = PBXFileReference; lastKnownFileType = sourcecode.swift; path = CallGreenButton.swift; sourceTree = "<group>"; };
		8DB351A22A90AA65001AB679 /* DeleteNumberView.swift */ = {isa = PBXFileReference; lastKnownFileType = sourcecode.swift; path = DeleteNumberView.swift; sourceTree = "<group>"; };
		8DB351B02A90B123001AB679 /* KeyPadNumberDTO.swift */ = {isa = PBXFileReference; lastKnownFileType = sourcecode.swift; path = KeyPadNumberDTO.swift; sourceTree = "<group>"; };
		8DEE4C262A90A31000DA6CFE /* KeyPad.app */ = {isa = PBXFileReference; explicitFileType = wrapper.application; includeInIndex = 0; path = KeyPad.app; sourceTree = BUILT_PRODUCTS_DIR; };
		8DEE4C292A90A31000DA6CFE /* KeyPadApp.swift */ = {isa = PBXFileReference; lastKnownFileType = sourcecode.swift; path = KeyPadApp.swift; sourceTree = "<group>"; };
		8DEE4C2B2A90A31000DA6CFE /* ContentView.swift */ = {isa = PBXFileReference; lastKnownFileType = sourcecode.swift; path = ContentView.swift; sourceTree = "<group>"; };
		8DEE4C2D2A90A31100DA6CFE /* Assets.xcassets */ = {isa = PBXFileReference; lastKnownFileType = folder.assetcatalog; path = Assets.xcassets; sourceTree = "<group>"; };
		8DEE4C302A90A31100DA6CFE /* Preview Assets.xcassets */ = {isa = PBXFileReference; lastKnownFileType = folder.assetcatalog; path = "Preview Assets.xcassets"; sourceTree = "<group>"; };
		8DEE4C362A90A31100DA6CFE /* KeyPadTests.xctest */ = {isa = PBXFileReference; explicitFileType = wrapper.cfbundle; includeInIndex = 0; path = KeyPadTests.xctest; sourceTree = BUILT_PRODUCTS_DIR; };
		8DEE4C3A2A90A31100DA6CFE /* KeyPadTests.swift */ = {isa = PBXFileReference; lastKnownFileType = sourcecode.swift; path = KeyPadTests.swift; sourceTree = "<group>"; };
		8DEE4C402A90A31100DA6CFE /* KeyPadUITests.xctest */ = {isa = PBXFileReference; explicitFileType = wrapper.cfbundle; includeInIndex = 0; path = KeyPadUITests.xctest; sourceTree = BUILT_PRODUCTS_DIR; };
		8DEE4C442A90A31100DA6CFE /* KeyPadUITests.swift */ = {isa = PBXFileReference; lastKnownFileType = sourcecode.swift; path = KeyPadUITests.swift; sourceTree = "<group>"; };
		8DEE4C462A90A31100DA6CFE /* KeyPadUITestsLaunchTests.swift */ = {isa = PBXFileReference; lastKnownFileType = sourcecode.swift; path = KeyPadUITestsLaunchTests.swift; sourceTree = "<group>"; };
/* End PBXFileReference section */

/* Begin PBXFrameworksBuildPhase section */
		8DEE4C232A90A31000DA6CFE /* Frameworks */ = {
			isa = PBXFrameworksBuildPhase;
			buildActionMask = 2147483647;
			files = (
				8DB351AE2A90ABE7001AB679 /* ComposableArchitecture in Frameworks */,
			);
			runOnlyForDeploymentPostprocessing = 0;
		};
		8DEE4C332A90A31100DA6CFE /* Frameworks */ = {
			isa = PBXFrameworksBuildPhase;
			buildActionMask = 2147483647;
			files = (
			);
			runOnlyForDeploymentPostprocessing = 0;
		};
		8DEE4C3D2A90A31100DA6CFE /* Frameworks */ = {
			isa = PBXFrameworksBuildPhase;
			buildActionMask = 2147483647;
			files = (
			);
			runOnlyForDeploymentPostprocessing = 0;
		};
/* End PBXFrameworksBuildPhase section */

/* Begin PBXGroup section */
		8DB351A72A90AA98001AB679 /* Views */ = {
			isa = PBXGroup;
			children = (
				8DB3519F2A90AA64001AB679 /* NumberView.swift */,
				8DB351A12A90AA65001AB679 /* CallGreenButton.swift */,
				8DB351A22A90AA65001AB679 /* DeleteNumberView.swift */,
			);
			path = Views;
			sourceTree = "<group>";
		};
		8DB351AF2A90B100001AB679 /* Models */ = {
			isa = PBXGroup;
			children = (
				8DB351B02A90B123001AB679 /* KeyPadNumberDTO.swift */,
			);
			path = Models;
			sourceTree = "<group>";
		};
		8DEE4C1D2A90A31000DA6CFE = {
			isa = PBXGroup;
			children = (
				8DEE4C282A90A31000DA6CFE /* KeyPad */,
				8DEE4C392A90A31100DA6CFE /* KeyPadTests */,
				8DEE4C432A90A31100DA6CFE /* KeyPadUITests */,
				8DEE4C272A90A31000DA6CFE /* Products */,
			);
			sourceTree = "<group>";
		};
		8DEE4C272A90A31000DA6CFE /* Products */ = {
			isa = PBXGroup;
			children = (
				8DEE4C262A90A31000DA6CFE /* KeyPad.app */,
				8DEE4C362A90A31100DA6CFE /* KeyPadTests.xctest */,
				8DEE4C402A90A31100DA6CFE /* KeyPadUITests.xctest */,
			);
			name = Products;
			sourceTree = "<group>";
		};
		8DEE4C282A90A31000DA6CFE /* KeyPad */ = {
			isa = PBXGroup;
			children = (
				8DEE4C292A90A31000DA6CFE /* KeyPadApp.swift */,
				8DB3519D2A90A9A4001AB679 /* KeyPadReducer.swift */,
				8DEE4C2B2A90A31000DA6CFE /* ContentView.swift */,
				8DB351AF2A90B100001AB679 /* Models */,
				8DB351A72A90AA98001AB679 /* Views */,
				8DEE4C2D2A90A31100DA6CFE /* Assets.xcassets */,
				8D56928B2A9B58CC003AFD98 /* LaunchScreen.storyboard */,
				8DEE4C2F2A90A31100DA6CFE /* Preview Content */,
			);
			path = KeyPad;
			sourceTree = "<group>";
		};
		8DEE4C2F2A90A31100DA6CFE /* Preview Content */ = {
			isa = PBXGroup;
			children = (
				8DEE4C302A90A31100DA6CFE /* Preview Assets.xcassets */,
			);
			path = "Preview Content";
			sourceTree = "<group>";
		};
		8DEE4C392A90A31100DA6CFE /* KeyPadTests */ = {
			isa = PBXGroup;
			children = (
				8DEE4C3A2A90A31100DA6CFE /* KeyPadTests.swift */,
			);
			path = KeyPadTests;
			sourceTree = "<group>";
		};
		8DEE4C432A90A31100DA6CFE /* KeyPadUITests */ = {
			isa = PBXGroup;
			children = (
				8DEE4C442A90A31100DA6CFE /* KeyPadUITests.swift */,
				8DEE4C462A90A31100DA6CFE /* KeyPadUITestsLaunchTests.swift */,
			);
			path = KeyPadUITests;
			sourceTree = "<group>";
		};
/* End PBXGroup section */

/* Begin PBXNativeTarget section */
		8DEE4C252A90A31000DA6CFE /* KeyPad */ = {
			isa = PBXNativeTarget;
			buildConfigurationList = 8DEE4C4A2A90A31100DA6CFE /* Build configuration list for PBXNativeTarget "KeyPad" */;
			buildPhases = (
				8DEE4C222A90A31000DA6CFE /* Sources */,
				8DEE4C232A90A31000DA6CFE /* Frameworks */,
				8DEE4C242A90A31000DA6CFE /* Resources */,
			);
			buildRules = (
			);
			dependencies = (
			);
			name = KeyPad;
			packageProductDependencies = (
				8DB351AD2A90ABE7001AB679 /* ComposableArchitecture */,
			);
			productName = KeyPad;
			productReference = 8DEE4C262A90A31000DA6CFE /* KeyPad.app */;
			productType = "com.apple.product-type.application";
		};
		8DEE4C352A90A31100DA6CFE /* KeyPadTests */ = {
			isa = PBXNativeTarget;
			buildConfigurationList = 8DEE4C4D2A90A31100DA6CFE /* Build configuration list for PBXNativeTarget "KeyPadTests" */;
			buildPhases = (
				8DEE4C322A90A31100DA6CFE /* Sources */,
				8DEE4C332A90A31100DA6CFE /* Frameworks */,
				8DEE4C342A90A31100DA6CFE /* Resources */,
			);
			buildRules = (
			);
			dependencies = (
				8DEE4C382A90A31100DA6CFE /* PBXTargetDependency */,
			);
			name = KeyPadTests;
			productName = KeyPadTests;
			productReference = 8DEE4C362A90A31100DA6CFE /* KeyPadTests.xctest */;
			productType = "com.apple.product-type.bundle.unit-test";
		};
		8DEE4C3F2A90A31100DA6CFE /* KeyPadUITests */ = {
			isa = PBXNativeTarget;
			buildConfigurationList = 8DEE4C502A90A31100DA6CFE /* Build configuration list for PBXNativeTarget "KeyPadUITests" */;
			buildPhases = (
				8DEE4C3C2A90A31100DA6CFE /* Sources */,
				8DEE4C3D2A90A31100DA6CFE /* Frameworks */,
				8DEE4C3E2A90A31100DA6CFE /* Resources */,
			);
			buildRules = (
			);
			dependencies = (
				8DEE4C422A90A31100DA6CFE /* PBXTargetDependency */,
			);
			name = KeyPadUITests;
			productName = KeyPadUITests;
			productReference = 8DEE4C402A90A31100DA6CFE /* KeyPadUITests.xctest */;
			productType = "com.apple.product-type.bundle.ui-testing";
		};
/* End PBXNativeTarget section */

/* Begin PBXProject section */
		8DEE4C1E2A90A31000DA6CFE /* Project object */ = {
			isa = PBXProject;
			attributes = {
				BuildIndependentTargetsInParallel = 1;
				LastSwiftUpdateCheck = 1430;
				LastUpgradeCheck = 1430;
				TargetAttributes = {
					8DEE4C252A90A31000DA6CFE = {
						CreatedOnToolsVersion = 14.3.1;
					};
					8DEE4C352A90A31100DA6CFE = {
						CreatedOnToolsVersion = 14.3.1;
						TestTargetID = 8DEE4C252A90A31000DA6CFE;
					};
					8DEE4C3F2A90A31100DA6CFE = {
						CreatedOnToolsVersion = 14.3.1;
						TestTargetID = 8DEE4C252A90A31000DA6CFE;
					};
				};
			};
			buildConfigurationList = 8DEE4C212A90A31000DA6CFE /* Build configuration list for PBXProject "KeyPad" */;
			compatibilityVersion = "Xcode 14.0";
			developmentRegion = en;
			hasScannedForEncodings = 0;
			knownRegions = (
				en,
				Base,
			);
			mainGroup = 8DEE4C1D2A90A31000DA6CFE;
			packageReferences = (
				8DB351AC2A90ABE7001AB679 /* XCRemoteSwiftPackageReference "swift-composable-architecture" */,
			);
			productRefGroup = 8DEE4C272A90A31000DA6CFE /* Products */;
			projectDirPath = "";
			projectRoot = "";
			targets = (
				8DEE4C252A90A31000DA6CFE /* KeyPad */,
				8DEE4C352A90A31100DA6CFE /* KeyPadTests */,
				8DEE4C3F2A90A31100DA6CFE /* KeyPadUITests */,
			);
		};
/* End PBXProject section */

/* Begin PBXResourcesBuildPhase section */
		8DEE4C242A90A31000DA6CFE /* Resources */ = {
			isa = PBXResourcesBuildPhase;
			buildActionMask = 2147483647;
			files = (
				8D56928C2A9B58CC003AFD98 /* LaunchScreen.storyboard in Resources */,
				8DEE4C312A90A31100DA6CFE /* Preview Assets.xcassets in Resources */,
				8DEE4C2E2A90A31100DA6CFE /* Assets.xcassets in Resources */,
			);
			runOnlyForDeploymentPostprocessing = 0;
		};
		8DEE4C342A90A31100DA6CFE /* Resources */ = {
			isa = PBXResourcesBuildPhase;
			buildActionMask = 2147483647;
			files = (
			);
			runOnlyForDeploymentPostprocessing = 0;
		};
		8DEE4C3E2A90A31100DA6CFE /* Resources */ = {
			isa = PBXResourcesBuildPhase;
			buildActionMask = 2147483647;
			files = (
			);
			runOnlyForDeploymentPostprocessing = 0;
		};
/* End PBXResourcesBuildPhase section */

/* Begin PBXSourcesBuildPhase section */
		8DEE4C222A90A31000DA6CFE /* Sources */ = {
			isa = PBXSourcesBuildPhase;
			buildActionMask = 2147483647;
			files = (
				8DB351A52A90AA65001AB679 /* DeleteNumberView.swift in Sources */,
				8DB3519E2A90A9A4001AB679 /* KeyPadReducer.swift in Sources */,
				8DEE4C2C2A90A31000DA6CFE /* ContentView.swift in Sources */,
				8DB351A32A90AA65001AB679 /* CallGreenButton.swift in Sources */,
				8DB351A42A90AA65001AB679 /* NumberView.swift in Sources */,
				8DEE4C2A2A90A31000DA6CFE /* KeyPadApp.swift in Sources */,
				8DB351B12A90B123001AB679 /* KeyPadNumberDTO.swift in Sources */,
			);
			runOnlyForDeploymentPostprocessing = 0;
		};
		8DEE4C322A90A31100DA6CFE /* Sources */ = {
			isa = PBXSourcesBuildPhase;
			buildActionMask = 2147483647;
			files = (
				8DEE4C3B2A90A31100DA6CFE /* KeyPadTests.swift in Sources */,
			);
			runOnlyForDeploymentPostprocessing = 0;
		};
		8DEE4C3C2A90A31100DA6CFE /* Sources */ = {
			isa = PBXSourcesBuildPhase;
			buildActionMask = 2147483647;
			files = (
				8DEE4C472A90A31100DA6CFE /* KeyPadUITestsLaunchTests.swift in Sources */,
				8DEE4C452A90A31100DA6CFE /* KeyPadUITests.swift in Sources */,
			);
			runOnlyForDeploymentPostprocessing = 0;
		};
/* End PBXSourcesBuildPhase section */

/* Begin PBXTargetDependency section */
		8DEE4C382A90A31100DA6CFE /* PBXTargetDependency */ = {
			isa = PBXTargetDependency;
			target = 8DEE4C252A90A31000DA6CFE /* KeyPad */;
			targetProxy = 8DEE4C372A90A31100DA6CFE /* PBXContainerItemProxy */;
		};
		8DEE4C422A90A31100DA6CFE /* PBXTargetDependency */ = {
			isa = PBXTargetDependency;
			target = 8DEE4C252A90A31000DA6CFE /* KeyPad */;
			targetProxy = 8DEE4C412A90A31100DA6CFE /* PBXContainerItemProxy */;
		};
/* End PBXTargetDependency section */

/* Begin XCBuildConfiguration section */
		8DEE4C482A90A31100DA6CFE /* Debug */ = {
			isa = XCBuildConfiguration;
			buildSettings = {
				ALWAYS_SEARCH_USER_PATHS = NO;
				CLANG_ANALYZER_NONNULL = YES;
				CLANG_ANALYZER_NUMBER_OBJECT_CONVERSION = YES_AGGRESSIVE;
				CLANG_CXX_LANGUAGE_STANDARD = "gnu++20";
				CLANG_ENABLE_MODULES = YES;
				CLANG_ENABLE_OBJC_ARC = YES;
				CLANG_ENABLE_OBJC_WEAK = YES;
				CLANG_WARN_BLOCK_CAPTURE_AUTORELEASING = YES;
				CLANG_WARN_BOOL_CONVERSION = YES;
				CLANG_WARN_COMMA = YES;
				CLANG_WARN_CONSTANT_CONVERSION = YES;
				CLANG_WARN_DEPRECATED_OBJC_IMPLEMENTATIONS = YES;
				CLANG_WARN_DIRECT_OBJC_ISA_USAGE = YES_ERROR;
				CLANG_WARN_DOCUMENTATION_COMMENTS = YES;
				CLANG_WARN_EMPTY_BODY = YES;
				CLANG_WARN_ENUM_CONVERSION = YES;
				CLANG_WARN_INFINITE_RECURSION = YES;
				CLANG_WARN_INT_CONVERSION = YES;
				CLANG_WARN_NON_LITERAL_NULL_CONVERSION = YES;
				CLANG_WARN_OBJC_IMPLICIT_RETAIN_SELF = YES;
				CLANG_WARN_OBJC_LITERAL_CONVERSION = YES;
				CLANG_WARN_OBJC_ROOT_CLASS = YES_ERROR;
				CLANG_WARN_QUOTED_INCLUDE_IN_FRAMEWORK_HEADER = YES;
				CLANG_WARN_RANGE_LOOP_ANALYSIS = YES;
				CLANG_WARN_STRICT_PROTOTYPES = YES;
				CLANG_WARN_SUSPICIOUS_MOVE = YES;
				CLANG_WARN_UNGUARDED_AVAILABILITY = YES_AGGRESSIVE;
				CLANG_WARN_UNREACHABLE_CODE = YES;
				CLANG_WARN__DUPLICATE_METHOD_MATCH = YES;
				COPY_PHASE_STRIP = NO;
				DEBUG_INFORMATION_FORMAT = dwarf;
				ENABLE_STRICT_OBJC_MSGSEND = YES;
				ENABLE_TESTABILITY = YES;
				GCC_C_LANGUAGE_STANDARD = gnu11;
				GCC_DYNAMIC_NO_PIC = NO;
				GCC_NO_COMMON_BLOCKS = YES;
				GCC_OPTIMIZATION_LEVEL = 0;
				GCC_PREPROCESSOR_DEFINITIONS = (
					"DEBUG=1",
					"$(inherited)",
				);
				GCC_WARN_64_TO_32_BIT_CONVERSION = YES;
				GCC_WARN_ABOUT_RETURN_TYPE = YES_ERROR;
				GCC_WARN_UNDECLARED_SELECTOR = YES;
				GCC_WARN_UNINITIALIZED_AUTOS = YES_AGGRESSIVE;
				GCC_WARN_UNUSED_FUNCTION = YES;
				GCC_WARN_UNUSED_VARIABLE = YES;
				IPHONEOS_DEPLOYMENT_TARGET = 16.0;
				MTL_ENABLE_DEBUG_INFO = INCLUDE_SOURCE;
				MTL_FAST_MATH = YES;
				ONLY_ACTIVE_ARCH = YES;
				SDKROOT = iphoneos;
				SWIFT_ACTIVE_COMPILATION_CONDITIONS = DEBUG;
				SWIFT_OPTIMIZATION_LEVEL = "-Onone";
			};
			name = Debug;
		};
		8DEE4C492A90A31100DA6CFE /* Release */ = {
			isa = XCBuildConfiguration;
			buildSettings = {
				ALWAYS_SEARCH_USER_PATHS = NO;
				CLANG_ANALYZER_NONNULL = YES;
				CLANG_ANALYZER_NUMBER_OBJECT_CONVERSION = YES_AGGRESSIVE;
				CLANG_CXX_LANGUAGE_STANDARD = "gnu++20";
				CLANG_ENABLE_MODULES = YES;
				CLANG_ENABLE_OBJC_ARC = YES;
				CLANG_ENABLE_OBJC_WEAK = YES;
				CLANG_WARN_BLOCK_CAPTURE_AUTORELEASING = YES;
				CLANG_WARN_BOOL_CONVERSION = YES;
				CLANG_WARN_COMMA = YES;
				CLANG_WARN_CONSTANT_CONVERSION = YES;
				CLANG_WARN_DEPRECATED_OBJC_IMPLEMENTATIONS = YES;
				CLANG_WARN_DIRECT_OBJC_ISA_USAGE = YES_ERROR;
				CLANG_WARN_DOCUMENTATION_COMMENTS = YES;
				CLANG_WARN_EMPTY_BODY = YES;
				CLANG_WARN_ENUM_CONVERSION = YES;
				CLANG_WARN_INFINITE_RECURSION = YES;
				CLANG_WARN_INT_CONVERSION = YES;
				CLANG_WARN_NON_LITERAL_NULL_CONVERSION = YES;
				CLANG_WARN_OBJC_IMPLICIT_RETAIN_SELF = YES;
				CLANG_WARN_OBJC_LITERAL_CONVERSION = YES;
				CLANG_WARN_OBJC_ROOT_CLASS = YES_ERROR;
				CLANG_WARN_QUOTED_INCLUDE_IN_FRAMEWORK_HEADER = YES;
				CLANG_WARN_RANGE_LOOP_ANALYSIS = YES;
				CLANG_WARN_STRICT_PROTOTYPES = YES;
				CLANG_WARN_SUSPICIOUS_MOVE = YES;
				CLANG_WARN_UNGUARDED_AVAILABILITY = YES_AGGRESSIVE;
				CLANG_WARN_UNREACHABLE_CODE = YES;
				CLANG_WARN__DUPLICATE_METHOD_MATCH = YES;
				COPY_PHASE_STRIP = NO;
				DEBUG_INFORMATION_FORMAT = "dwarf-with-dsym";
				ENABLE_NS_ASSERTIONS = NO;
				ENABLE_STRICT_OBJC_MSGSEND = YES;
				GCC_C_LANGUAGE_STANDARD = gnu11;
				GCC_NO_COMMON_BLOCKS = YES;
				GCC_WARN_64_TO_32_BIT_CONVERSION = YES;
				GCC_WARN_ABOUT_RETURN_TYPE = YES_ERROR;
				GCC_WARN_UNDECLARED_SELECTOR = YES;
				GCC_WARN_UNINITIALIZED_AUTOS = YES_AGGRESSIVE;
				GCC_WARN_UNUSED_FUNCTION = YES;
				GCC_WARN_UNUSED_VARIABLE = YES;
				IPHONEOS_DEPLOYMENT_TARGET = 16.0;
				MTL_ENABLE_DEBUG_INFO = NO;
				MTL_FAST_MATH = YES;
				SDKROOT = iphoneos;
				SWIFT_COMPILATION_MODE = wholemodule;
				SWIFT_OPTIMIZATION_LEVEL = "-O";
				VALIDATE_PRODUCT = YES;
			};
			name = Release;
		};
		8DEE4C4B2A90A31100DA6CFE /* Debug */ = {
			isa = XCBuildConfiguration;
			buildSettings = {
				ASSETCATALOG_COMPILER_APPICON_NAME = AppIcon;
				ASSETCATALOG_COMPILER_GLOBAL_ACCENT_COLOR_NAME = AccentColor;
				CODE_SIGN_STYLE = Automatic;
				CURRENT_PROJECT_VERSION = 1;
				DEVELOPMENT_ASSET_PATHS = "\"KeyPad/Preview Content\"";
				DEVELOPMENT_TEAM = GMHUACJXLZ;
				ENABLE_PREVIEWS = YES;
				GENERATE_INFOPLIST_FILE = YES;
				INFOPLIST_KEY_CFBundleDisplayName = "키패드";
				INFOPLIST_KEY_UIApplicationSceneManifest_Generation = YES;
				INFOPLIST_KEY_UIApplicationSupportsIndirectInputEvents = YES;
				INFOPLIST_KEY_UILaunchScreen_Generation = YES;
				INFOPLIST_KEY_UILaunchStoryboardName = LaunchScreen.storyboard;
				INFOPLIST_KEY_UISupportedInterfaceOrientations_iPad = "UIInterfaceOrientationPortrait UIInterfaceOrientationPortraitUpsideDown UIInterfaceOrientationLandscapeLeft UIInterfaceOrientationLandscapeRight";
				INFOPLIST_KEY_UISupportedInterfaceOrientations_iPhone = "UIInterfaceOrientationPortrait UIInterfaceOrientationLandscapeLeft UIInterfaceOrientationLandscapeRight";
				IPHONEOS_DEPLOYMENT_TARGET = 16.0;
				LD_RUNPATH_SEARCH_PATHS = (
					"$(inherited)",
					"@executable_path/Frameworks",
				);
				MARKETING_VERSION = 1.0;
				PRODUCT_BUNDLE_IDENTIFIER = com.lonalia.KeyPad;
				PRODUCT_NAME = "$(TARGET_NAME)";
				SWIFT_EMIT_LOC_STRINGS = YES;
				SWIFT_VERSION = 5.0;
				TARGETED_DEVICE_FAMILY = "1,2";
			};
			name = Debug;
		};
		8DEE4C4C2A90A31100DA6CFE /* Release */ = {
			isa = XCBuildConfiguration;
			buildSettings = {
				ASSETCATALOG_COMPILER_APPICON_NAME = AppIcon;
				ASSETCATALOG_COMPILER_GLOBAL_ACCENT_COLOR_NAME = AccentColor;
				CODE_SIGN_STYLE = Automatic;
				CURRENT_PROJECT_VERSION = 1;
				DEVELOPMENT_ASSET_PATHS = "\"KeyPad/Preview Content\"";
				DEVELOPMENT_TEAM = GMHUACJXLZ;
				ENABLE_PREVIEWS = YES;
				GENERATE_INFOPLIST_FILE = YES;
				INFOPLIST_KEY_CFBundleDisplayName = "키패드";
				INFOPLIST_KEY_UIApplicationSceneManifest_Generation = YES;
				INFOPLIST_KEY_UIApplicationSupportsIndirectInputEvents = YES;
				INFOPLIST_KEY_UILaunchScreen_Generation = YES;
				INFOPLIST_KEY_UILaunchStoryboardName = LaunchScreen.storyboard;
				INFOPLIST_KEY_UISupportedInterfaceOrientations_iPad = "UIInterfaceOrientationPortrait UIInterfaceOrientationPortraitUpsideDown UIInterfaceOrientationLandscapeLeft UIInterfaceOrientationLandscapeRight";
				INFOPLIST_KEY_UISupportedInterfaceOrientations_iPhone = "UIInterfaceOrientationPortrait UIInterfaceOrientationLandscapeLeft UIInterfaceOrientationLandscapeRight";
				IPHONEOS_DEPLOYMENT_TARGET = 16.0;
				LD_RUNPATH_SEARCH_PATHS = (
					"$(inherited)",
					"@executable_path/Frameworks",
				);
				MARKETING_VERSION = 1.0;
				PRODUCT_BUNDLE_IDENTIFIER = com.lonalia.KeyPad;
				PRODUCT_NAME = "$(TARGET_NAME)";
				SWIFT_EMIT_LOC_STRINGS = YES;
				SWIFT_VERSION = 5.0;
				TARGETED_DEVICE_FAMILY = "1,2";
			};
			name = Release;
		};
		8DEE4C4E2A90A31100DA6CFE /* Debug */ = {
			isa = XCBuildConfiguration;
			buildSettings = {
				ALWAYS_EMBED_SWIFT_STANDARD_LIBRARIES = YES;
				BUNDLE_LOADER = "$(TEST_HOST)";
				CODE_SIGN_STYLE = Automatic;
				CURRENT_PROJECT_VERSION = 1;
				DEVELOPMENT_TEAM = GMHUACJXLZ;
				GENERATE_INFOPLIST_FILE = YES;
				IPHONEOS_DEPLOYMENT_TARGET = 16.4;
				MARKETING_VERSION = 1.0;
				PRODUCT_BUNDLE_IDENTIFIER = com.lonalia.KeyPadTests;
				PRODUCT_NAME = "$(TARGET_NAME)";
				SWIFT_EMIT_LOC_STRINGS = NO;
				SWIFT_VERSION = 5.0;
				TARGETED_DEVICE_FAMILY = "1,2";
				TEST_HOST = "$(BUILT_PRODUCTS_DIR)/KeyPad.app/$(BUNDLE_EXECUTABLE_FOLDER_PATH)/KeyPad";
			};
			name = Debug;
		};
		8DEE4C4F2A90A31100DA6CFE /* Release */ = {
			isa = XCBuildConfiguration;
			buildSettings = {
				ALWAYS_EMBED_SWIFT_STANDARD_LIBRARIES = YES;
				BUNDLE_LOADER = "$(TEST_HOST)";
				CODE_SIGN_STYLE = Automatic;
				CURRENT_PROJECT_VERSION = 1;
				DEVELOPMENT_TEAM = GMHUACJXLZ;
				GENERATE_INFOPLIST_FILE = YES;
				IPHONEOS_DEPLOYMENT_TARGET = 16.4;
				MARKETING_VERSION = 1.0;
				PRODUCT_BUNDLE_IDENTIFIER = com.lonalia.KeyPadTests;
				PRODUCT_NAME = "$(TARGET_NAME)";
				SWIFT_EMIT_LOC_STRINGS = NO;
				SWIFT_VERSION = 5.0;
				TARGETED_DEVICE_FAMILY = "1,2";
				TEST_HOST = "$(BUILT_PRODUCTS_DIR)/KeyPad.app/$(BUNDLE_EXECUTABLE_FOLDER_PATH)/KeyPad";
			};
			name = Release;
		};
		8DEE4C512A90A31100DA6CFE /* Debug */ = {
			isa = XCBuildConfiguration;
			buildSettings = {
				ALWAYS_EMBED_SWIFT_STANDARD_LIBRARIES = YES;
				CODE_SIGN_STYLE = Automatic;
				CURRENT_PROJECT_VERSION = 1;
				DEVELOPMENT_TEAM = GMHUACJXLZ;
				GENERATE_INFOPLIST_FILE = YES;
				MARKETING_VERSION = 1.0;
				PRODUCT_BUNDLE_IDENTIFIER = com.lonalia.KeyPadUITests;
				PRODUCT_NAME = "$(TARGET_NAME)";
				SWIFT_EMIT_LOC_STRINGS = NO;
				SWIFT_VERSION = 5.0;
				TARGETED_DEVICE_FAMILY = "1,2";
				TEST_TARGET_NAME = KeyPad;
			};
			name = Debug;
		};
		8DEE4C522A90A31100DA6CFE /* Release */ = {
			isa = XCBuildConfiguration;
			buildSettings = {
				ALWAYS_EMBED_SWIFT_STANDARD_LIBRARIES = YES;
				CODE_SIGN_STYLE = Automatic;
				CURRENT_PROJECT_VERSION = 1;
				DEVELOPMENT_TEAM = GMHUACJXLZ;
				GENERATE_INFOPLIST_FILE = YES;
				MARKETING_VERSION = 1.0;
				PRODUCT_BUNDLE_IDENTIFIER = com.lonalia.KeyPadUITests;
				PRODUCT_NAME = "$(TARGET_NAME)";
				SWIFT_EMIT_LOC_STRINGS = NO;
				SWIFT_VERSION = 5.0;
				TARGETED_DEVICE_FAMILY = "1,2";
				TEST_TARGET_NAME = KeyPad;
			};
			name = Release;
		};
/* End XCBuildConfiguration section */

/* Begin XCConfigurationList section */
		8DEE4C212A90A31000DA6CFE /* Build configuration list for PBXProject "KeyPad" */ = {
			isa = XCConfigurationList;
			buildConfigurations = (
				8DEE4C482A90A31100DA6CFE /* Debug */,
				8DEE4C492A90A31100DA6CFE /* Release */,
			);
			defaultConfigurationIsVisible = 0;
			defaultConfigurationName = Release;
		};
		8DEE4C4A2A90A31100DA6CFE /* Build configuration list for PBXNativeTarget "KeyPad" */ = {
			isa = XCConfigurationList;
			buildConfigurations = (
				8DEE4C4B2A90A31100DA6CFE /* Debug */,
				8DEE4C4C2A90A31100DA6CFE /* Release */,
			);
			defaultConfigurationIsVisible = 0;
			defaultConfigurationName = Release;
		};
		8DEE4C4D2A90A31100DA6CFE /* Build configuration list for PBXNativeTarget "KeyPadTests" */ = {
			isa = XCConfigurationList;
			buildConfigurations = (
				8DEE4C4E2A90A31100DA6CFE /* Debug */,
				8DEE4C4F2A90A31100DA6CFE /* Release */,
			);
			defaultConfigurationIsVisible = 0;
			defaultConfigurationName = Release;
		};
		8DEE4C502A90A31100DA6CFE /* Build configuration list for PBXNativeTarget "KeyPadUITests" */ = {
			isa = XCConfigurationList;
			buildConfigurations = (
				8DEE4C512A90A31100DA6CFE /* Debug */,
				8DEE4C522A90A31100DA6CFE /* Release */,
			);
			defaultConfigurationIsVisible = 0;
			defaultConfigurationName = Release;
		};
/* End XCConfigurationList section */

/* Begin XCRemoteSwiftPackageReference section */
		8DB351AC2A90ABE7001AB679 /* XCRemoteSwiftPackageReference "swift-composable-architecture" */ = {
			isa = XCRemoteSwiftPackageReference;
			repositoryURL = "https://github.com/pointfreeco/swift-composable-architecture";
			requirement = {
				kind = upToNextMajorVersion;
				minimumVersion = 1.0.0;
			};
		};
/* End XCRemoteSwiftPackageReference section */

/* Begin XCSwiftPackageProductDependency section */
		8DB351AD2A90ABE7001AB679 /* ComposableArchitecture */ = {
			isa = XCSwiftPackageProductDependency;
			package = 8DB351AC2A90ABE7001AB679 /* XCRemoteSwiftPackageReference "swift-composable-architecture" */;
			productName = ComposableArchitecture;
		};
/* End XCSwiftPackageProductDependency section */
	};
	rootObject = 8DEE4C1E2A90A31000DA6CFE /* Project object */;
}
