// !$*UTF8*$!
{
	archiveVersion = 1;
	classes = {
	};
	objectVersion = 56;
	objects = {

/* Begin PBXBuildFile section */
		051EA2092A9C141C00A2EF7B /* BrandOfMonthView.swift in Sources */ = {isa = PBXBuildFile; fileRef = 051EA2082A9C141C00A2EF7B /* BrandOfMonthView.swift */; };
		051EA20B2A9C18BE00A2EF7B /* BrandOfMonthItem.swift in Sources */ = {isa = PBXBuildFile; fileRef = 051EA20A2A9C18BE00A2EF7B /* BrandOfMonthItem.swift */; };
		051EA20D2A9C241D00A2EF7B /* GetPointItem.swift in Sources */ = {isa = PBXBuildFile; fileRef = 051EA20C2A9C241D00A2EF7B /* GetPointItem.swift */; };
		051EA20F2A9C30A300A2EF7B /* GetPoint.swift in Sources */ = {isa = PBXBuildFile; fileRef = 051EA20E2A9C30A300A2EF7B /* GetPoint.swift */; };
		051EA2112A9C36D300A2EF7B /* GetPointGrid.swift in Sources */ = {isa = PBXBuildFile; fileRef = 051EA2102A9C36D300A2EF7B /* GetPointGrid.swift */; };
		051EA2132A9C383800A2EF7B /* CustomPageTabView.swift in Sources */ = {isa = PBXBuildFile; fileRef = 051EA2122A9C383800A2EF7B /* CustomPageTabView.swift */; };
		051EA2152A9C5D8D00A2EF7B /* NowPaycoView.swift in Sources */ = {isa = PBXBuildFile; fileRef = 051EA2142A9C5D8D00A2EF7B /* NowPaycoView.swift */; };
		8D5692762A99CADF003AFD98 /* ComposableArchitecture in Frameworks */ = {isa = PBXBuildFile; productRef = 8D5692752A99CADF003AFD98 /* ComposableArchitecture */; };
		8D5692792A99ED6E003AFD98 /* TopRightButton.swift in Sources */ = {isa = PBXBuildFile; fileRef = 8D5692782A99ED6E003AFD98 /* TopRightButton.swift */; };
		8D56927C2A9A1B31003AFD98 /* PointMenuItem.swift in Sources */ = {isa = PBXBuildFile; fileRef = 8D56927B2A9A1B31003AFD98 /* PointMenuItem.swift */; };
		8D5692802A9B1916003AFD98 /* PointPaymentItemButton.swift in Sources */ = {isa = PBXBuildFile; fileRef = 8D56927F2A9B1916003AFD98 /* PointPaymentItemButton.swift */; };
		8D5692822A9B1E5C003AFD98 /* PointPaymentItem.swift in Sources */ = {isa = PBXBuildFile; fileRef = 8D5692812A9B1E5C003AFD98 /* PointPaymentItem.swift */; };
		8D5692862A9B2519003AFD98 /* PointPaymentListItem.swift in Sources */ = {isa = PBXBuildFile; fileRef = 8D5692852A9B2519003AFD98 /* PointPaymentListItem.swift */; };
		8D5692882A9B277C003AFD98 /* PointPaymentRow.swift in Sources */ = {isa = PBXBuildFile; fileRef = 8D5692872A9B277C003AFD98 /* PointPaymentRow.swift */; };
		8D56928E2A9B591F003AFD98 /* LaunchScreen.storyboard in Resources */ = {isa = PBXBuildFile; fileRef = 8D56928D2A9B591F003AFD98 /* LaunchScreen.storyboard */; };
		8D5692902A9B668B003AFD98 /* PointPaymentMoreLoadButton.swift in Sources */ = {isa = PBXBuildFile; fileRef = 8D56928F2A9B668B003AFD98 /* PointPaymentMoreLoadButton.swift */; };
		8D5692922A9B9336003AFD98 /* PaycoRewordView.swift in Sources */ = {isa = PBXBuildFile; fileRef = 8D5692912A9B9336003AFD98 /* PaycoRewordView.swift */; };
		8D76B7352A98F9F200576C06 /* PaycoApp.swift in Sources */ = {isa = PBXBuildFile; fileRef = 8D76B7342A98F9F200576C06 /* PaycoApp.swift */; };
		8D76B7372A98F9F200576C06 /* ContentView.swift in Sources */ = {isa = PBXBuildFile; fileRef = 8D76B7362A98F9F200576C06 /* ContentView.swift */; };
		8D76B7392A98F9F300576C06 /* Assets.xcassets in Resources */ = {isa = PBXBuildFile; fileRef = 8D76B7382A98F9F300576C06 /* Assets.xcassets */; };
		8D76B73C2A98F9F300576C06 /* Preview Assets.xcassets in Resources */ = {isa = PBXBuildFile; fileRef = 8D76B73B2A98F9F300576C06 /* Preview Assets.xcassets */; };
		8D76B7462A98F9F300576C06 /* PaycoTests.swift in Sources */ = {isa = PBXBuildFile; fileRef = 8D76B7452A98F9F300576C06 /* PaycoTests.swift */; };
		8D76B7502A98F9F300576C06 /* PaycoUITests.swift in Sources */ = {isa = PBXBuildFile; fileRef = 8D76B74F2A98F9F300576C06 /* PaycoUITests.swift */; };
		8D76B7522A98F9F300576C06 /* PaycoUITestsLaunchTests.swift in Sources */ = {isa = PBXBuildFile; fileRef = 8D76B7512A98F9F300576C06 /* PaycoUITestsLaunchTests.swift */; };
/* End PBXBuildFile section */

/* Begin PBXContainerItemProxy section */
		8D76B7422A98F9F300576C06 /* PBXContainerItemProxy */ = {
			isa = PBXContainerItemProxy;
			containerPortal = 8D76B7292A98F9F200576C06 /* Project object */;
			proxyType = 1;
			remoteGlobalIDString = 8D76B7302A98F9F200576C06;
			remoteInfo = Payco;
		};
		8D76B74C2A98F9F300576C06 /* PBXContainerItemProxy */ = {
			isa = PBXContainerItemProxy;
			containerPortal = 8D76B7292A98F9F200576C06 /* Project object */;
			proxyType = 1;
			remoteGlobalIDString = 8D76B7302A98F9F200576C06;
			remoteInfo = Payco;
		};
/* End PBXContainerItemProxy section */

/* Begin PBXFileReference section */
		051EA2082A9C141C00A2EF7B /* BrandOfMonthView.swift */ = {isa = PBXFileReference; lastKnownFileType = sourcecode.swift; path = BrandOfMonthView.swift; sourceTree = "<group>"; };
		051EA20A2A9C18BE00A2EF7B /* BrandOfMonthItem.swift */ = {isa = PBXFileReference; lastKnownFileType = sourcecode.swift; path = BrandOfMonthItem.swift; sourceTree = "<group>"; };
		051EA20C2A9C241D00A2EF7B /* GetPointItem.swift */ = {isa = PBXFileReference; lastKnownFileType = sourcecode.swift; path = GetPointItem.swift; sourceTree = "<group>"; };
		051EA20E2A9C30A300A2EF7B /* GetPoint.swift */ = {isa = PBXFileReference; lastKnownFileType = sourcecode.swift; path = GetPoint.swift; sourceTree = "<group>"; };
		051EA2102A9C36D300A2EF7B /* GetPointGrid.swift */ = {isa = PBXFileReference; lastKnownFileType = sourcecode.swift; path = GetPointGrid.swift; sourceTree = "<group>"; };
		051EA2122A9C383800A2EF7B /* CustomPageTabView.swift */ = {isa = PBXFileReference; lastKnownFileType = sourcecode.swift; path = CustomPageTabView.swift; sourceTree = "<group>"; };
		051EA2142A9C5D8D00A2EF7B /* NowPaycoView.swift */ = {isa = PBXFileReference; lastKnownFileType = sourcecode.swift; path = NowPaycoView.swift; sourceTree = "<group>"; };
		8D5692782A99ED6E003AFD98 /* TopRightButton.swift */ = {isa = PBXFileReference; lastKnownFileType = sourcecode.swift; path = TopRightButton.swift; sourceTree = "<group>"; };
		8D56927B2A9A1B31003AFD98 /* PointMenuItem.swift */ = {isa = PBXFileReference; lastKnownFileType = sourcecode.swift; path = PointMenuItem.swift; sourceTree = "<group>"; };
		8D56927F2A9B1916003AFD98 /* PointPaymentItemButton.swift */ = {isa = PBXFileReference; lastKnownFileType = sourcecode.swift; path = PointPaymentItemButton.swift; sourceTree = "<group>"; };
		8D5692812A9B1E5C003AFD98 /* PointPaymentItem.swift */ = {isa = PBXFileReference; lastKnownFileType = sourcecode.swift; path = PointPaymentItem.swift; sourceTree = "<group>"; };
		8D5692852A9B2519003AFD98 /* PointPaymentListItem.swift */ = {isa = PBXFileReference; lastKnownFileType = sourcecode.swift; path = PointPaymentListItem.swift; sourceTree = "<group>"; };
		8D5692872A9B277C003AFD98 /* PointPaymentRow.swift */ = {isa = PBXFileReference; lastKnownFileType = sourcecode.swift; path = PointPaymentRow.swift; sourceTree = "<group>"; };
		8D56928D2A9B591F003AFD98 /* LaunchScreen.storyboard */ = {isa = PBXFileReference; lastKnownFileType = file.storyboard; path = LaunchScreen.storyboard; sourceTree = "<group>"; };
		8D56928F2A9B668B003AFD98 /* PointPaymentMoreLoadButton.swift */ = {isa = PBXFileReference; lastKnownFileType = sourcecode.swift; path = PointPaymentMoreLoadButton.swift; sourceTree = "<group>"; };
		8D5692912A9B9336003AFD98 /* PaycoRewordView.swift */ = {isa = PBXFileReference; lastKnownFileType = sourcecode.swift; path = PaycoRewordView.swift; sourceTree = "<group>"; };
		8D76B7312A98F9F200576C06 /* Payco.app */ = {isa = PBXFileReference; explicitFileType = wrapper.application; includeInIndex = 0; path = Payco.app; sourceTree = BUILT_PRODUCTS_DIR; };
		8D76B7342A98F9F200576C06 /* PaycoApp.swift */ = {isa = PBXFileReference; lastKnownFileType = sourcecode.swift; path = PaycoApp.swift; sourceTree = "<group>"; };
		8D76B7362A98F9F200576C06 /* ContentView.swift */ = {isa = PBXFileReference; lastKnownFileType = sourcecode.swift; path = ContentView.swift; sourceTree = "<group>"; };
		8D76B7382A98F9F300576C06 /* Assets.xcassets */ = {isa = PBXFileReference; lastKnownFileType = folder.assetcatalog; path = Assets.xcassets; sourceTree = "<group>"; };
		8D76B73B2A98F9F300576C06 /* Preview Assets.xcassets */ = {isa = PBXFileReference; lastKnownFileType = folder.assetcatalog; path = "Preview Assets.xcassets"; sourceTree = "<group>"; };
		8D76B7412A98F9F300576C06 /* PaycoTests.xctest */ = {isa = PBXFileReference; explicitFileType = wrapper.cfbundle; includeInIndex = 0; path = PaycoTests.xctest; sourceTree = BUILT_PRODUCTS_DIR; };
		8D76B7452A98F9F300576C06 /* PaycoTests.swift */ = {isa = PBXFileReference; lastKnownFileType = sourcecode.swift; path = PaycoTests.swift; sourceTree = "<group>"; };
		8D76B74B2A98F9F300576C06 /* PaycoUITests.xctest */ = {isa = PBXFileReference; explicitFileType = wrapper.cfbundle; includeInIndex = 0; path = PaycoUITests.xctest; sourceTree = BUILT_PRODUCTS_DIR; };
		8D76B74F2A98F9F300576C06 /* PaycoUITests.swift */ = {isa = PBXFileReference; lastKnownFileType = sourcecode.swift; path = PaycoUITests.swift; sourceTree = "<group>"; };
		8D76B7512A98F9F300576C06 /* PaycoUITestsLaunchTests.swift */ = {isa = PBXFileReference; lastKnownFileType = sourcecode.swift; path = PaycoUITestsLaunchTests.swift; sourceTree = "<group>"; };
/* End PBXFileReference section */

/* Begin PBXFrameworksBuildPhase section */
		8D76B72E2A98F9F200576C06 /* Frameworks */ = {
			isa = PBXFrameworksBuildPhase;
			buildActionMask = 2147483647;
			files = (
				8D5692762A99CADF003AFD98 /* ComposableArchitecture in Frameworks */,
			);
			runOnlyForDeploymentPostprocessing = 0;
		};
		8D76B73E2A98F9F300576C06 /* Frameworks */ = {
			isa = PBXFrameworksBuildPhase;
			buildActionMask = 2147483647;
			files = (
			);
			runOnlyForDeploymentPostprocessing = 0;
		};
		8D76B7482A98F9F300576C06 /* Frameworks */ = {
			isa = PBXFrameworksBuildPhase;
			buildActionMask = 2147483647;
			files = (
			);
			runOnlyForDeploymentPostprocessing = 0;
		};
/* End PBXFrameworksBuildPhase section */

/* Begin PBXGroup section */
		8D5692772A99ED38003AFD98 /* Views */ = {
			isa = PBXGroup;
			children = (
				8D5692782A99ED6E003AFD98 /* TopRightButton.swift */,
				8D56927F2A9B1916003AFD98 /* PointPaymentItemButton.swift */,
				8D5692852A9B2519003AFD98 /* PointPaymentListItem.swift */,
				8D56928F2A9B668B003AFD98 /* PointPaymentMoreLoadButton.swift */,
				8D5692912A9B9336003AFD98 /* PaycoRewordView.swift */,
				051EA2082A9C141C00A2EF7B /* BrandOfMonthView.swift */,
				051EA2102A9C36D300A2EF7B /* GetPointGrid.swift */,
				051EA20C2A9C241D00A2EF7B /* GetPointItem.swift */,
				051EA2122A9C383800A2EF7B /* CustomPageTabView.swift */,
				051EA2142A9C5D8D00A2EF7B /* NowPaycoView.swift */,
			);
			path = Views;
			sourceTree = "<group>";
		};
		8D56927A2A9A1AEA003AFD98 /* Models */ = {
			isa = PBXGroup;
			children = (
				8D56927B2A9A1B31003AFD98 /* PointMenuItem.swift */,
				8D5692812A9B1E5C003AFD98 /* PointPaymentItem.swift */,
				8D5692872A9B277C003AFD98 /* PointPaymentRow.swift */,
				051EA20A2A9C18BE00A2EF7B /* BrandOfMonthItem.swift */,
				051EA20E2A9C30A300A2EF7B /* GetPoint.swift */,
			);
			path = Models;
			sourceTree = "<group>";
		};
		8D76B7282A98F9F200576C06 = {
			isa = PBXGroup;
			children = (
				8D76B7332A98F9F200576C06 /* Payco */,
				8D76B7442A98F9F300576C06 /* PaycoTests */,
				8D76B74E2A98F9F300576C06 /* PaycoUITests */,
				8D76B7322A98F9F200576C06 /* Products */,
			);
			sourceTree = "<group>";
		};
		8D76B7322A98F9F200576C06 /* Products */ = {
			isa = PBXGroup;
			children = (
				8D76B7312A98F9F200576C06 /* Payco.app */,
				8D76B7412A98F9F300576C06 /* PaycoTests.xctest */,
				8D76B74B2A98F9F300576C06 /* PaycoUITests.xctest */,
			);
			name = Products;
			sourceTree = "<group>";
		};
		8D76B7332A98F9F200576C06 /* Payco */ = {
			isa = PBXGroup;
			children = (
				8D76B7342A98F9F200576C06 /* PaycoApp.swift */,
				8D76B7362A98F9F200576C06 /* ContentView.swift */,
				8D56927A2A9A1AEA003AFD98 /* Models */,
				8D5692772A99ED38003AFD98 /* Views */,
				8D76B7382A98F9F300576C06 /* Assets.xcassets */,
				8D56928D2A9B591F003AFD98 /* LaunchScreen.storyboard */,
				8D76B73A2A98F9F300576C06 /* Preview Content */,
			);
			path = Payco;
			sourceTree = "<group>";
		};
		8D76B73A2A98F9F300576C06 /* Preview Content */ = {
			isa = PBXGroup;
			children = (
				8D76B73B2A98F9F300576C06 /* Preview Assets.xcassets */,
			);
			path = "Preview Content";
			sourceTree = "<group>";
		};
		8D76B7442A98F9F300576C06 /* PaycoTests */ = {
			isa = PBXGroup;
			children = (
				8D76B7452A98F9F300576C06 /* PaycoTests.swift */,
			);
			path = PaycoTests;
			sourceTree = "<group>";
		};
		8D76B74E2A98F9F300576C06 /* PaycoUITests */ = {
			isa = PBXGroup;
			children = (
				8D76B74F2A98F9F300576C06 /* PaycoUITests.swift */,
				8D76B7512A98F9F300576C06 /* PaycoUITestsLaunchTests.swift */,
			);
			path = PaycoUITests;
			sourceTree = "<group>";
		};
/* End PBXGroup section */

/* Begin PBXNativeTarget section */
		8D76B7302A98F9F200576C06 /* Payco */ = {
			isa = PBXNativeTarget;
			buildConfigurationList = 8D76B7552A98F9F300576C06 /* Build configuration list for PBXNativeTarget "Payco" */;
			buildPhases = (
				8D76B72D2A98F9F200576C06 /* Sources */,
				8D76B72E2A98F9F200576C06 /* Frameworks */,
				8D76B72F2A98F9F200576C06 /* Resources */,
			);
			buildRules = (
			);
			dependencies = (
			);
			name = Payco;
			packageProductDependencies = (
				8D5692752A99CADF003AFD98 /* ComposableArchitecture */,
			);
			productName = Payco;
			productReference = 8D76B7312A98F9F200576C06 /* Payco.app */;
			productType = "com.apple.product-type.application";
		};
		8D76B7402A98F9F300576C06 /* PaycoTests */ = {
			isa = PBXNativeTarget;
			buildConfigurationList = 8D76B7582A98F9F300576C06 /* Build configuration list for PBXNativeTarget "PaycoTests" */;
			buildPhases = (
				8D76B73D2A98F9F300576C06 /* Sources */,
				8D76B73E2A98F9F300576C06 /* Frameworks */,
				8D76B73F2A98F9F300576C06 /* Resources */,
			);
			buildRules = (
			);
			dependencies = (
				8D76B7432A98F9F300576C06 /* PBXTargetDependency */,
			);
			name = PaycoTests;
			productName = PaycoTests;
			productReference = 8D76B7412A98F9F300576C06 /* PaycoTests.xctest */;
			productType = "com.apple.product-type.bundle.unit-test";
		};
		8D76B74A2A98F9F300576C06 /* PaycoUITests */ = {
			isa = PBXNativeTarget;
			buildConfigurationList = 8D76B75B2A98F9F300576C06 /* Build configuration list for PBXNativeTarget "PaycoUITests" */;
			buildPhases = (
				8D76B7472A98F9F300576C06 /* Sources */,
				8D76B7482A98F9F300576C06 /* Frameworks */,
				8D76B7492A98F9F300576C06 /* Resources */,
			);
			buildRules = (
			);
			dependencies = (
				8D76B74D2A98F9F300576C06 /* PBXTargetDependency */,
			);
			name = PaycoUITests;
			productName = PaycoUITests;
			productReference = 8D76B74B2A98F9F300576C06 /* PaycoUITests.xctest */;
			productType = "com.apple.product-type.bundle.ui-testing";
		};
/* End PBXNativeTarget section */

/* Begin PBXProject section */
		8D76B7292A98F9F200576C06 /* Project object */ = {
			isa = PBXProject;
			attributes = {
				BuildIndependentTargetsInParallel = 1;
				LastSwiftUpdateCheck = 1430;
				LastUpgradeCheck = 1430;
				TargetAttributes = {
					8D76B7302A98F9F200576C06 = {
						CreatedOnToolsVersion = 14.3.1;
					};
					8D76B7402A98F9F300576C06 = {
						CreatedOnToolsVersion = 14.3.1;
						TestTargetID = 8D76B7302A98F9F200576C06;
					};
					8D76B74A2A98F9F300576C06 = {
						CreatedOnToolsVersion = 14.3.1;
						TestTargetID = 8D76B7302A98F9F200576C06;
					};
				};
			};
			buildConfigurationList = 8D76B72C2A98F9F200576C06 /* Build configuration list for PBXProject "Payco" */;
			compatibilityVersion = "Xcode 14.0";
			developmentRegion = en;
			hasScannedForEncodings = 0;
			knownRegions = (
				en,
				Base,
			);
			mainGroup = 8D76B7282A98F9F200576C06;
			packageReferences = (
				8D5692742A99CADF003AFD98 /* XCRemoteSwiftPackageReference "swift-composable-architecture" */,
			);
			productRefGroup = 8D76B7322A98F9F200576C06 /* Products */;
			projectDirPath = "";
			projectRoot = "";
			targets = (
				8D76B7302A98F9F200576C06 /* Payco */,
				8D76B7402A98F9F300576C06 /* PaycoTests */,
				8D76B74A2A98F9F300576C06 /* PaycoUITests */,
			);
		};
/* End PBXProject section */

/* Begin PBXResourcesBuildPhase section */
		8D76B72F2A98F9F200576C06 /* Resources */ = {
			isa = PBXResourcesBuildPhase;
			buildActionMask = 2147483647;
			files = (
				8D56928E2A9B591F003AFD98 /* LaunchScreen.storyboard in Resources */,
				8D76B73C2A98F9F300576C06 /* Preview Assets.xcassets in Resources */,
				8D76B7392A98F9F300576C06 /* Assets.xcassets in Resources */,
			);
			runOnlyForDeploymentPostprocessing = 0;
		};
		8D76B73F2A98F9F300576C06 /* Resources */ = {
			isa = PBXResourcesBuildPhase;
			buildActionMask = 2147483647;
			files = (
			);
			runOnlyForDeploymentPostprocessing = 0;
		};
		8D76B7492A98F9F300576C06 /* Resources */ = {
			isa = PBXResourcesBuildPhase;
			buildActionMask = 2147483647;
			files = (
			);
			runOnlyForDeploymentPostprocessing = 0;
		};
/* End PBXResourcesBuildPhase section */

/* Begin PBXSourcesBuildPhase section */
		8D76B72D2A98F9F200576C06 /* Sources */ = {
			isa = PBXSourcesBuildPhase;
			buildActionMask = 2147483647;
			files = (
				8D5692882A9B277C003AFD98 /* PointPaymentRow.swift in Sources */,
				8D56927C2A9A1B31003AFD98 /* PointMenuItem.swift in Sources */,
				8D5692922A9B9336003AFD98 /* PaycoRewordView.swift in Sources */,
				8D76B7372A98F9F200576C06 /* ContentView.swift in Sources */,
				051EA20F2A9C30A300A2EF7B /* GetPoint.swift in Sources */,
				051EA2092A9C141C00A2EF7B /* BrandOfMonthView.swift in Sources */,
				8D5692822A9B1E5C003AFD98 /* PointPaymentItem.swift in Sources */,
				051EA2112A9C36D300A2EF7B /* GetPointGrid.swift in Sources */,
				051EA20D2A9C241D00A2EF7B /* GetPointItem.swift in Sources */,
				8D5692902A9B668B003AFD98 /* PointPaymentMoreLoadButton.swift in Sources */,
				8D76B7352A98F9F200576C06 /* PaycoApp.swift in Sources */,
				8D5692862A9B2519003AFD98 /* PointPaymentListItem.swift in Sources */,
				051EA2132A9C383800A2EF7B /* CustomPageTabView.swift in Sources */,
				8D5692802A9B1916003AFD98 /* PointPaymentItemButton.swift in Sources */,
				051EA20B2A9C18BE00A2EF7B /* BrandOfMonthItem.swift in Sources */,
				8D5692792A99ED6E003AFD98 /* TopRightButton.swift in Sources */,
				051EA2152A9C5D8D00A2EF7B /* NowPaycoView.swift in Sources */,
			);
			runOnlyForDeploymentPostprocessing = 0;
		};
		8D76B73D2A98F9F300576C06 /* Sources */ = {
			isa = PBXSourcesBuildPhase;
			buildActionMask = 2147483647;
			files = (
				8D76B7462A98F9F300576C06 /* PaycoTests.swift in Sources */,
			);
			runOnlyForDeploymentPostprocessing = 0;
		};
		8D76B7472A98F9F300576C06 /* Sources */ = {
			isa = PBXSourcesBuildPhase;
			buildActionMask = 2147483647;
			files = (
				8D76B7502A98F9F300576C06 /* PaycoUITests.swift in Sources */,
				8D76B7522A98F9F300576C06 /* PaycoUITestsLaunchTests.swift in Sources */,
			);
			runOnlyForDeploymentPostprocessing = 0;
		};
/* End PBXSourcesBuildPhase section */

/* Begin PBXTargetDependency section */
		8D76B7432A98F9F300576C06 /* PBXTargetDependency */ = {
			isa = PBXTargetDependency;
			target = 8D76B7302A98F9F200576C06 /* Payco */;
			targetProxy = 8D76B7422A98F9F300576C06 /* PBXContainerItemProxy */;
		};
		8D76B74D2A98F9F300576C06 /* PBXTargetDependency */ = {
			isa = PBXTargetDependency;
			target = 8D76B7302A98F9F200576C06 /* Payco */;
			targetProxy = 8D76B74C2A98F9F300576C06 /* PBXContainerItemProxy */;
		};
/* End PBXTargetDependency section */

/* Begin XCBuildConfiguration section */
		8D76B7532A98F9F300576C06 /* Debug */ = {
			isa = XCBuildConfiguration;
			buildSettings = {
				ALWAYS_SEARCH_USER_PATHS = NO;
				CLANG_ANALYZER_NONNULL = YES;
				CLANG_ANALYZER_NUMBER_OBJECT_CONVERSION = YES_AGGRESSIVE;
				CLANG_CXX_LANGUAGE_STANDARD = "gnu++20";
				CLANG_ENABLE_MODULES = YES;
				CLANG_ENABLE_OBJC_ARC = YES;
				CLANG_ENABLE_OBJC_WEAK = YES;
				CLANG_WARN_BLOCK_CAPTURE_AUTORELEASING = YES;
				CLANG_WARN_BOOL_CONVERSION = YES;
				CLANG_WARN_COMMA = YES;
				CLANG_WARN_CONSTANT_CONVERSION = YES;
				CLANG_WARN_DEPRECATED_OBJC_IMPLEMENTATIONS = YES;
				CLANG_WARN_DIRECT_OBJC_ISA_USAGE = YES_ERROR;
				CLANG_WARN_DOCUMENTATION_COMMENTS = YES;
				CLANG_WARN_EMPTY_BODY = YES;
				CLANG_WARN_ENUM_CONVERSION = YES;
				CLANG_WARN_INFINITE_RECURSION = YES;
				CLANG_WARN_INT_CONVERSION = YES;
				CLANG_WARN_NON_LITERAL_NULL_CONVERSION = YES;
				CLANG_WARN_OBJC_IMPLICIT_RETAIN_SELF = YES;
				CLANG_WARN_OBJC_LITERAL_CONVERSION = YES;
				CLANG_WARN_OBJC_ROOT_CLASS = YES_ERROR;
				CLANG_WARN_QUOTED_INCLUDE_IN_FRAMEWORK_HEADER = YES;
				CLANG_WARN_RANGE_LOOP_ANALYSIS = YES;
				CLANG_WARN_STRICT_PROTOTYPES = YES;
				CLANG_WARN_SUSPICIOUS_MOVE = YES;
				CLANG_WARN_UNGUARDED_AVAILABILITY = YES_AGGRESSIVE;
				CLANG_WARN_UNREACHABLE_CODE = YES;
				CLANG_WARN__DUPLICATE_METHOD_MATCH = YES;
				COPY_PHASE_STRIP = NO;
				DEBUG_INFORMATION_FORMAT = dwarf;
				ENABLE_STRICT_OBJC_MSGSEND = YES;
				ENABLE_TESTABILITY = YES;
				GCC_C_LANGUAGE_STANDARD = gnu11;
				GCC_DYNAMIC_NO_PIC = NO;
				GCC_NO_COMMON_BLOCKS = YES;
				GCC_OPTIMIZATION_LEVEL = 0;
				GCC_PREPROCESSOR_DEFINITIONS = (
					"DEBUG=1",
					"$(inherited)",
				);
				GCC_WARN_64_TO_32_BIT_CONVERSION = YES;
				GCC_WARN_ABOUT_RETURN_TYPE = YES_ERROR;
				GCC_WARN_UNDECLARED_SELECTOR = YES;
				GCC_WARN_UNINITIALIZED_AUTOS = YES_AGGRESSIVE;
				GCC_WARN_UNUSED_FUNCTION = YES;
				GCC_WARN_UNUSED_VARIABLE = YES;
				IPHONEOS_DEPLOYMENT_TARGET = 16.0;
				MTL_ENABLE_DEBUG_INFO = INCLUDE_SOURCE;
				MTL_FAST_MATH = YES;
				ONLY_ACTIVE_ARCH = YES;
				SDKROOT = iphoneos;
				SWIFT_ACTIVE_COMPILATION_CONDITIONS = DEBUG;
				SWIFT_OPTIMIZATION_LEVEL = "-Onone";
			};
			name = Debug;
		};
		8D76B7542A98F9F300576C06 /* Release */ = {
			isa = XCBuildConfiguration;
			buildSettings = {
				ALWAYS_SEARCH_USER_PATHS = NO;
				CLANG_ANALYZER_NONNULL = YES;
				CLANG_ANALYZER_NUMBER_OBJECT_CONVERSION = YES_AGGRESSIVE;
				CLANG_CXX_LANGUAGE_STANDARD = "gnu++20";
				CLANG_ENABLE_MODULES = YES;
				CLANG_ENABLE_OBJC_ARC = YES;
				CLANG_ENABLE_OBJC_WEAK = YES;
				CLANG_WARN_BLOCK_CAPTURE_AUTORELEASING = YES;
				CLANG_WARN_BOOL_CONVERSION = YES;
				CLANG_WARN_COMMA = YES;
				CLANG_WARN_CONSTANT_CONVERSION = YES;
				CLANG_WARN_DEPRECATED_OBJC_IMPLEMENTATIONS = YES;
				CLANG_WARN_DIRECT_OBJC_ISA_USAGE = YES_ERROR;
				CLANG_WARN_DOCUMENTATION_COMMENTS = YES;
				CLANG_WARN_EMPTY_BODY = YES;
				CLANG_WARN_ENUM_CONVERSION = YES;
				CLANG_WARN_INFINITE_RECURSION = YES;
				CLANG_WARN_INT_CONVERSION = YES;
				CLANG_WARN_NON_LITERAL_NULL_CONVERSION = YES;
				CLANG_WARN_OBJC_IMPLICIT_RETAIN_SELF = YES;
				CLANG_WARN_OBJC_LITERAL_CONVERSION = YES;
				CLANG_WARN_OBJC_ROOT_CLASS = YES_ERROR;
				CLANG_WARN_QUOTED_INCLUDE_IN_FRAMEWORK_HEADER = YES;
				CLANG_WARN_RANGE_LOOP_ANALYSIS = YES;
				CLANG_WARN_STRICT_PROTOTYPES = YES;
				CLANG_WARN_SUSPICIOUS_MOVE = YES;
				CLANG_WARN_UNGUARDED_AVAILABILITY = YES_AGGRESSIVE;
				CLANG_WARN_UNREACHABLE_CODE = YES;
				CLANG_WARN__DUPLICATE_METHOD_MATCH = YES;
				COPY_PHASE_STRIP = NO;
				DEBUG_INFORMATION_FORMAT = "dwarf-with-dsym";
				ENABLE_NS_ASSERTIONS = NO;
				ENABLE_STRICT_OBJC_MSGSEND = YES;
				GCC_C_LANGUAGE_STANDARD = gnu11;
				GCC_NO_COMMON_BLOCKS = YES;
				GCC_WARN_64_TO_32_BIT_CONVERSION = YES;
				GCC_WARN_ABOUT_RETURN_TYPE = YES_ERROR;
				GCC_WARN_UNDECLARED_SELECTOR = YES;
				GCC_WARN_UNINITIALIZED_AUTOS = YES_AGGRESSIVE;
				GCC_WARN_UNUSED_FUNCTION = YES;
				GCC_WARN_UNUSED_VARIABLE = YES;
				IPHONEOS_DEPLOYMENT_TARGET = 16.0;
				MTL_ENABLE_DEBUG_INFO = NO;
				MTL_FAST_MATH = YES;
				SDKROOT = iphoneos;
				SWIFT_COMPILATION_MODE = wholemodule;
				SWIFT_OPTIMIZATION_LEVEL = "-O";
				VALIDATE_PRODUCT = YES;
			};
			name = Release;
		};
		8D76B7562A98F9F300576C06 /* Debug */ = {
			isa = XCBuildConfiguration;
			buildSettings = {
				ASSETCATALOG_COMPILER_APPICON_NAME = AppIcon;
				ASSETCATALOG_COMPILER_GLOBAL_ACCENT_COLOR_NAME = AccentColor;
				CODE_SIGN_STYLE = Automatic;
				CURRENT_PROJECT_VERSION = 1;
				DEVELOPMENT_ASSET_PATHS = "\"Payco/Preview Content\"";
				DEVELOPMENT_TEAM = 54V3G99LL8;
				ENABLE_PREVIEWS = YES;
				GENERATE_INFOPLIST_FILE = YES;
				INFOPLIST_KEY_CFBundleDisplayName = "페이코";
				INFOPLIST_KEY_UIApplicationSceneManifest_Generation = YES;
				INFOPLIST_KEY_UIApplicationSupportsIndirectInputEvents = YES;
				INFOPLIST_KEY_UILaunchScreen_Generation = YES;
				INFOPLIST_KEY_UILaunchStoryboardName = LaunchScreen.storyboard;
				INFOPLIST_KEY_UISupportedInterfaceOrientations_iPad = "UIInterfaceOrientationPortrait UIInterfaceOrientationPortraitUpsideDown UIInterfaceOrientationLandscapeLeft UIInterfaceOrientationLandscapeRight";
				INFOPLIST_KEY_UISupportedInterfaceOrientations_iPhone = "UIInterfaceOrientationPortrait UIInterfaceOrientationLandscapeLeft UIInterfaceOrientationLandscapeRight";
				LD_RUNPATH_SEARCH_PATHS = (
					"$(inherited)",
					"@executable_path/Frameworks",
				);
				MARKETING_VERSION = 1.0;
				PRODUCT_BUNDLE_IDENTIFIER = com.lonalia.Payco;
				PRODUCT_NAME = "$(TARGET_NAME)";
				SWIFT_EMIT_LOC_STRINGS = YES;
				SWIFT_VERSION = 5.0;
				TARGETED_DEVICE_FAMILY = "1,2";
			};
			name = Debug;
		};
		8D76B7572A98F9F300576C06 /* Release */ = {
			isa = XCBuildConfiguration;
			buildSettings = {
				ASSETCATALOG_COMPILER_APPICON_NAME = AppIcon;
				ASSETCATALOG_COMPILER_GLOBAL_ACCENT_COLOR_NAME = AccentColor;
				CODE_SIGN_STYLE = Automatic;
				CURRENT_PROJECT_VERSION = 1;
				DEVELOPMENT_ASSET_PATHS = "\"Payco/Preview Content\"";
				DEVELOPMENT_TEAM = 54V3G99LL8;
				ENABLE_PREVIEWS = YES;
				GENERATE_INFOPLIST_FILE = YES;
				INFOPLIST_KEY_CFBundleDisplayName = "페이코";
				INFOPLIST_KEY_UIApplicationSceneManifest_Generation = YES;
				INFOPLIST_KEY_UIApplicationSupportsIndirectInputEvents = YES;
				INFOPLIST_KEY_UILaunchScreen_Generation = YES;
				INFOPLIST_KEY_UILaunchStoryboardName = LaunchScreen.storyboard;
				INFOPLIST_KEY_UISupportedInterfaceOrientations_iPad = "UIInterfaceOrientationPortrait UIInterfaceOrientationPortraitUpsideDown UIInterfaceOrientationLandscapeLeft UIInterfaceOrientationLandscapeRight";
				INFOPLIST_KEY_UISupportedInterfaceOrientations_iPhone = "UIInterfaceOrientationPortrait UIInterfaceOrientationLandscapeLeft UIInterfaceOrientationLandscapeRight";
				LD_RUNPATH_SEARCH_PATHS = (
					"$(inherited)",
					"@executable_path/Frameworks",
				);
				MARKETING_VERSION = 1.0;
				PRODUCT_BUNDLE_IDENTIFIER = com.lonalia.Payco;
				PRODUCT_NAME = "$(TARGET_NAME)";
				SWIFT_EMIT_LOC_STRINGS = YES;
				SWIFT_VERSION = 5.0;
				TARGETED_DEVICE_FAMILY = "1,2";
			};
			name = Release;
		};
		8D76B7592A98F9F300576C06 /* Debug */ = {
			isa = XCBuildConfiguration;
			buildSettings = {
				ALWAYS_EMBED_SWIFT_STANDARD_LIBRARIES = YES;
				BUNDLE_LOADER = "$(TEST_HOST)";
				CODE_SIGN_STYLE = Automatic;
				CURRENT_PROJECT_VERSION = 1;
				DEVELOPMENT_TEAM = GMHUACJXLZ;
				GENERATE_INFOPLIST_FILE = YES;
				IPHONEOS_DEPLOYMENT_TARGET = 16.4;
				MARKETING_VERSION = 1.0;
				PRODUCT_BUNDLE_IDENTIFIER = com.lonalia.PaycoTests;
				PRODUCT_NAME = "$(TARGET_NAME)";
				SWIFT_EMIT_LOC_STRINGS = NO;
				SWIFT_VERSION = 5.0;
				TARGETED_DEVICE_FAMILY = "1,2";
				TEST_HOST = "$(BUILT_PRODUCTS_DIR)/Payco.app/$(BUNDLE_EXECUTABLE_FOLDER_PATH)/Payco";
			};
			name = Debug;
		};
		8D76B75A2A98F9F300576C06 /* Release */ = {
			isa = XCBuildConfiguration;
			buildSettings = {
				ALWAYS_EMBED_SWIFT_STANDARD_LIBRARIES = YES;
				BUNDLE_LOADER = "$(TEST_HOST)";
				CODE_SIGN_STYLE = Automatic;
				CURRENT_PROJECT_VERSION = 1;
				DEVELOPMENT_TEAM = GMHUACJXLZ;
				GENERATE_INFOPLIST_FILE = YES;
				IPHONEOS_DEPLOYMENT_TARGET = 16.4;
				MARKETING_VERSION = 1.0;
				PRODUCT_BUNDLE_IDENTIFIER = com.lonalia.PaycoTests;
				PRODUCT_NAME = "$(TARGET_NAME)";
				SWIFT_EMIT_LOC_STRINGS = NO;
				SWIFT_VERSION = 5.0;
				TARGETED_DEVICE_FAMILY = "1,2";
				TEST_HOST = "$(BUILT_PRODUCTS_DIR)/Payco.app/$(BUNDLE_EXECUTABLE_FOLDER_PATH)/Payco";
			};
			name = Release;
		};
		8D76B75C2A98F9F300576C06 /* Debug */ = {
			isa = XCBuildConfiguration;
			buildSettings = {
				ALWAYS_EMBED_SWIFT_STANDARD_LIBRARIES = YES;
				CODE_SIGN_STYLE = Automatic;
				CURRENT_PROJECT_VERSION = 1;
				DEVELOPMENT_TEAM = GMHUACJXLZ;
				GENERATE_INFOPLIST_FILE = YES;
				MARKETING_VERSION = 1.0;
				PRODUCT_BUNDLE_IDENTIFIER = com.lonalia.PaycoUITests;
				PRODUCT_NAME = "$(TARGET_NAME)";
				SWIFT_EMIT_LOC_STRINGS = NO;
				SWIFT_VERSION = 5.0;
				TARGETED_DEVICE_FAMILY = "1,2";
				TEST_TARGET_NAME = Payco;
			};
			name = Debug;
		};
		8D76B75D2A98F9F300576C06 /* Release */ = {
			isa = XCBuildConfiguration;
			buildSettings = {
				ALWAYS_EMBED_SWIFT_STANDARD_LIBRARIES = YES;
				CODE_SIGN_STYLE = Automatic;
				CURRENT_PROJECT_VERSION = 1;
				DEVELOPMENT_TEAM = GMHUACJXLZ;
				GENERATE_INFOPLIST_FILE = YES;
				MARKETING_VERSION = 1.0;
				PRODUCT_BUNDLE_IDENTIFIER = com.lonalia.PaycoUITests;
				PRODUCT_NAME = "$(TARGET_NAME)";
				SWIFT_EMIT_LOC_STRINGS = NO;
				SWIFT_VERSION = 5.0;
				TARGETED_DEVICE_FAMILY = "1,2";
				TEST_TARGET_NAME = Payco;
			};
			name = Release;
		};
/* End XCBuildConfiguration section */

/* Begin XCConfigurationList section */
		8D76B72C2A98F9F200576C06 /* Build configuration list for PBXProject "Payco" */ = {
			isa = XCConfigurationList;
			buildConfigurations = (
				8D76B7532A98F9F300576C06 /* Debug */,
				8D76B7542A98F9F300576C06 /* Release */,
			);
			defaultConfigurationIsVisible = 0;
			defaultConfigurationName = Release;
		};
		8D76B7552A98F9F300576C06 /* Build configuration list for PBXNativeTarget "Payco" */ = {
			isa = XCConfigurationList;
			buildConfigurations = (
				8D76B7562A98F9F300576C06 /* Debug */,
				8D76B7572A98F9F300576C06 /* Release */,
			);
			defaultConfigurationIsVisible = 0;
			defaultConfigurationName = Release;
		};
		8D76B7582A98F9F300576C06 /* Build configuration list for PBXNativeTarget "PaycoTests" */ = {
			isa = XCConfigurationList;
			buildConfigurations = (
				8D76B7592A98F9F300576C06 /* Debug */,
				8D76B75A2A98F9F300576C06 /* Release */,
			);
			defaultConfigurationIsVisible = 0;
			defaultConfigurationName = Release;
		};
		8D76B75B2A98F9F300576C06 /* Build configuration list for PBXNativeTarget "PaycoUITests" */ = {
			isa = XCConfigurationList;
			buildConfigurations = (
				8D76B75C2A98F9F300576C06 /* Debug */,
				8D76B75D2A98F9F300576C06 /* Release */,
			);
			defaultConfigurationIsVisible = 0;
			defaultConfigurationName = Release;
		};
/* End XCConfigurationList section */

/* Begin XCRemoteSwiftPackageReference section */
		8D5692742A99CADF003AFD98 /* XCRemoteSwiftPackageReference "swift-composable-architecture" */ = {
			isa = XCRemoteSwiftPackageReference;
			repositoryURL = "https://github.com/pointfreeco/swift-composable-architecture";
			requirement = {
				kind = upToNextMajorVersion;
				minimumVersion = 1.0.0;
			};
		};
/* End XCRemoteSwiftPackageReference section */

/* Begin XCSwiftPackageProductDependency section */
		8D5692752A99CADF003AFD98 /* ComposableArchitecture */ = {
			isa = XCSwiftPackageProductDependency;
			package = 8D5692742A99CADF003AFD98 /* XCRemoteSwiftPackageReference "swift-composable-architecture" */;
			productName = ComposableArchitecture;
		};
/* End XCSwiftPackageProductDependency section */
	};
	rootObject = 8D76B7292A98F9F200576C06 /* Project object */;
}
